// !$*UTF8*$!
{
	archiveVersion = 1;
	classes = {
	};
	objectVersion = 52;
	objects = {

/* Begin PBXBuildFile section */
		200ADDFC1DBD071B00275668 /* Stickers.xcassets in Resources */ = {isa = PBXBuildFile; fileRef = 200ADDFB1DBD071B00275668 /* Stickers.xcassets */; };
		200ADE001DBD071C00275668 /* BreakBaloonStickers.appex in Embed App Extensions */ = {isa = PBXBuildFile; fileRef = 200ADDF91DBD071B00275668 /* BreakBaloonStickers.appex */; settings = {ATTRIBUTES = (RemoveHeadersOnCopy, ); }; };
		200C7873235DD34B00E93468 /* Balloons.xcassets in Resources */ = {isa = PBXBuildFile; fileRef = 200C7872235DD34B00E93468 /* Balloons.xcassets */; };
		2010C84F235CE16B001B5FE0 /* Case.swift in Sources */ = {isa = PBXBuildFile; fileRef = 201F4D6B1D180F9F00EB894A /* Case.swift */; };
		2010C851235CE1A9001B5FE0 /* Case.swift in Sources */ = {isa = PBXBuildFile; fileRef = 2010C850235CE1A9001B5FE0 /* Case.swift */; };
		201F4D601D17275600EB894A /* AppIcon.xcassets in Resources */ = {isa = PBXBuildFile; fileRef = 201F4D5F1D17275600EB894A /* AppIcon.xcassets */; };
		201F4D801D1812DE00EB894A /* closed0.png in Resources */ = {isa = PBXBuildFile; fileRef = 201F4D6E1D1812DE00EB894A /* closed0.png */; };
		201F4D811D1812DE00EB894A /* closed1.png in Resources */ = {isa = PBXBuildFile; fileRef = 201F4D6F1D1812DE00EB894A /* closed1.png */; };
		201F4D821D1812DE00EB894A /* closed2.png in Resources */ = {isa = PBXBuildFile; fileRef = 201F4D701D1812DE00EB894A /* closed2.png */; };
		201F4D831D1812DE00EB894A /* closed3.png in Resources */ = {isa = PBXBuildFile; fileRef = 201F4D711D1812DE00EB894A /* closed3.png */; };
		201F4D841D1812DE00EB894A /* closed4.png in Resources */ = {isa = PBXBuildFile; fileRef = 201F4D721D1812DE00EB894A /* closed4.png */; };
		201F4D851D1812DE00EB894A /* closed5.png in Resources */ = {isa = PBXBuildFile; fileRef = 201F4D731D1812DE00EB894A /* closed5.png */; };
		201F4D891D1812DE00EB894A /* opened0.png in Resources */ = {isa = PBXBuildFile; fileRef = 201F4D771D1812DE00EB894A /* opened0.png */; };
		201F4D8A1D1812DE00EB894A /* opened1.png in Resources */ = {isa = PBXBuildFile; fileRef = 201F4D781D1812DE00EB894A /* opened1.png */; };
		201F4D8B1D1812DE00EB894A /* opened2.png in Resources */ = {isa = PBXBuildFile; fileRef = 201F4D791D1812DE00EB894A /* opened2.png */; };
		201F4D8C1D1812DE00EB894A /* opened3.png in Resources */ = {isa = PBXBuildFile; fileRef = 201F4D7A1D1812DE00EB894A /* opened3.png */; };
		201F4D8D1D1812DE00EB894A /* opened4.png in Resources */ = {isa = PBXBuildFile; fileRef = 201F4D7B1D1812DE00EB894A /* opened4.png */; };
		201F4D8E1D1812DE00EB894A /* opened5.png in Resources */ = {isa = PBXBuildFile; fileRef = 201F4D7C1D1812DE00EB894A /* opened5.png */; };
		20263AA51D5CBFB6005E596B /* fake-closed0.png in Resources */ = {isa = PBXBuildFile; fileRef = 20263A9F1D5CBFB6005E596B /* fake-closed0.png */; };
		20263AA61D5CBFB6005E596B /* fake-closed1.png in Resources */ = {isa = PBXBuildFile; fileRef = 20263AA01D5CBFB6005E596B /* fake-closed1.png */; };
		20263AA71D5CBFB6005E596B /* fake-closed2.png in Resources */ = {isa = PBXBuildFile; fileRef = 20263AA11D5CBFB6005E596B /* fake-closed2.png */; };
		20263AA81D5CBFB6005E596B /* fake-closed3.png in Resources */ = {isa = PBXBuildFile; fileRef = 20263AA21D5CBFB6005E596B /* fake-closed3.png */; };
		20263AA91D5CBFB6005E596B /* fake-closed4.png in Resources */ = {isa = PBXBuildFile; fileRef = 20263AA31D5CBFB6005E596B /* fake-closed4.png */; };
		20263AAA1D5CBFB6005E596B /* fake-closed5.png in Resources */ = {isa = PBXBuildFile; fileRef = 20263AA41D5CBFB6005E596B /* fake-closed5.png */; };
		20263AB11D5CC2A4005E596B /* fake-opened0.png in Resources */ = {isa = PBXBuildFile; fileRef = 20263AAB1D5CC2A4005E596B /* fake-opened0.png */; };
		20263AB21D5CC2A4005E596B /* fake-opened1.png in Resources */ = {isa = PBXBuildFile; fileRef = 20263AAC1D5CC2A4005E596B /* fake-opened1.png */; };
		20263AB31D5CC2A4005E596B /* fake-opened2.png in Resources */ = {isa = PBXBuildFile; fileRef = 20263AAD1D5CC2A4005E596B /* fake-opened2.png */; };
		20263AB41D5CC2A4005E596B /* fake-opened3.png in Resources */ = {isa = PBXBuildFile; fileRef = 20263AAE1D5CC2A4005E596B /* fake-opened3.png */; };
		20263AB51D5CC2A4005E596B /* fake-opened4.png in Resources */ = {isa = PBXBuildFile; fileRef = 20263AAF1D5CC2A4005E596B /* fake-opened4.png */; };
		20263AB61D5CC2A4005E596B /* fake-opened5.png in Resources */ = {isa = PBXBuildFile; fileRef = 20263AB01D5CC2A4005E596B /* fake-opened5.png */; };
		203EEC75234A6438002D81F2 /* Interface.storyboard in Resources */ = {isa = PBXBuildFile; fileRef = 203EEC73234A6438002D81F2 /* Interface.storyboard */; };
		203EEC77234A6439002D81F2 /* Assets.xcassets in Resources */ = {isa = PBXBuildFile; fileRef = 203EEC76234A6439002D81F2 /* Assets.xcassets */; };
		203EEC7E234A6439002D81F2 /* BreakBaloon Watch Extension.appex in Embed App Extensions */ = {isa = PBXBuildFile; fileRef = 203EEC7D234A6439002D81F2 /* BreakBaloon Watch Extension.appex */; settings = {ATTRIBUTES = (RemoveHeadersOnCopy, ); }; };
		203EEC83234A6439002D81F2 /* InterfaceController.swift in Sources */ = {isa = PBXBuildFile; fileRef = 203EEC82234A6439002D81F2 /* InterfaceController.swift */; };
		203EEC87234A6439002D81F2 /* WatchGameScene.swift in Sources */ = {isa = PBXBuildFile; fileRef = 203EEC86234A6439002D81F2 /* WatchGameScene.swift */; };
		203EEC89234A6439002D81F2 /* ExtensionDelegate.swift in Sources */ = {isa = PBXBuildFile; fileRef = 203EEC88234A6439002D81F2 /* ExtensionDelegate.swift */; };
		203EEC8B234A643A002D81F2 /* Assets.xcassets in Resources */ = {isa = PBXBuildFile; fileRef = 203EEC8A234A643A002D81F2 /* Assets.xcassets */; };
		203EEC8F234A643A002D81F2 /* BreakBaloon Watch.app in Embed Watch Content */ = {isa = PBXBuildFile; fileRef = 203EEC71234A6438002D81F2 /* BreakBaloon Watch.app */; settings = {ATTRIBUTES = (RemoveHeadersOnCopy, ); }; };
		204289201D4E670300BDEE39 /* RandGameLevelEndNode.swift in Sources */ = {isa = PBXBuildFile; fileRef = 2042891F1D4E670300BDEE39 /* RandGameLevelEndNode.swift */; };
		204289221D4E71EB00BDEE39 /* levelreplay.png in Resources */ = {isa = PBXBuildFile; fileRef = 204289211D4E71EB00BDEE39 /* levelreplay.png */; };
		204289241D4E78EC00BDEE39 /* levelnext.png in Resources */ = {isa = PBXBuildFile; fileRef = 204289231D4E78EC00BDEE39 /* levelnext.png */; };
		204289261D4E78FE00BDEE39 /* levelback.png in Resources */ = {isa = PBXBuildFile; fileRef = 204289251D4E78FE00BDEE39 /* levelback.png */; };
		2044493E1D4F6439000EE217 /* RandGameLevelNode.swift in Sources */ = {isa = PBXBuildFile; fileRef = 2044493D1D4F6439000EE217 /* RandGameLevelNode.swift */; };
		204FBB2F1D58D9B700971306 /* checkbox-disabled.png in Resources */ = {isa = PBXBuildFile; fileRef = 204FBB2E1D58D9B700971306 /* checkbox-disabled.png */; };
		205CADB52691136D00C0C508 /* IPhoneSettingScene.swift in Sources */ = {isa = PBXBuildFile; fileRef = 205CADB42691136D00C0C508 /* IPhoneSettingScene.swift */; };
		206736791D16E26300FB9FFF /* AppDelegate.swift in Sources */ = {isa = PBXBuildFile; fileRef = 206736781D16E26300FB9FFF /* AppDelegate.swift */; };
		2067367B1D16E26300FB9FFF /* StartScene.sks in Resources */ = {isa = PBXBuildFile; fileRef = 2067367A1D16E26300FB9FFF /* StartScene.sks */; };
		206736951D16FA5100FB9FFF /* buttonbg.png in Resources */ = {isa = PBXBuildFile; fileRef = 206736941D16FA5100FB9FFF /* buttonbg.png */; };
		207A2CD6235E2A37004BC4E5 /* Localizable.strings in Resources */ = {isa = PBXBuildFile; fileRef = 207A2CD8235E2A37004BC4E5 /* Localizable.strings */; };
		208989541D5CAF07008CB986 /* FakeCase.swift in Sources */ = {isa = PBXBuildFile; fileRef = 208989531D5CAF07008CB986 /* FakeCase.swift */; };
		2099709C1D6303CD00A3F268 /* AbstractTheme.swift in Sources */ = {isa = PBXBuildFile; fileRef = 2099709B1D6303CD00A3F268 /* AbstractTheme.swift */; };
		20A335A41D4BD33E00B54FBE /* Main.storyboard in Resources */ = {isa = PBXBuildFile; fileRef = 20A335A61D4BD33E00B54FBE /* Main.storyboard */; };
		20A335AF1D4BD8C300B54FBE /* AbstractGameScene.swift in Sources */ = {isa = PBXBuildFile; fileRef = 20A335AE1D4BD8C300B54FBE /* AbstractGameScene.swift */; };
		20A335B11D4BDE4000B54FBE /* RandGameScene.swift in Sources */ = {isa = PBXBuildFile; fileRef = 20A335B01D4BDE4000B54FBE /* RandGameScene.swift */; };
		20AFF9D11D54B4F200B4CBF8 /* CheckBox.swift in Sources */ = {isa = PBXBuildFile; fileRef = 20AFF9D01D54B4F200B4CBF8 /* CheckBox.swift */; };
		20AFF9D31D56822C00B4CBF8 /* ExtensionSettingScene.swift in Sources */ = {isa = PBXBuildFile; fileRef = 20AFF9D21D56822C00B4CBF8 /* ExtensionSettingScene.swift */; };
		20AFF9D61D568B0200B4CBF8 /* checkbox-check.png in Resources */ = {isa = PBXBuildFile; fileRef = 20AFF9D41D568B0200B4CBF8 /* checkbox-check.png */; };
		20AFF9D71D568B0200B4CBF8 /* checkbox.png in Resources */ = {isa = PBXBuildFile; fileRef = 20AFF9D51D568B0200B4CBF8 /* checkbox.png */; };
		20B004F71D2C4B59005F706F /* level.png in Resources */ = {isa = PBXBuildFile; fileRef = 20B004F61D2C4B59005F706F /* level.png */; };
		20BE2F4B1D50CFA7004A8B17 /* levelbuttonbg-finished1star.png in Resources */ = {isa = PBXBuildFile; fileRef = 20BE2F481D50CFA7004A8B17 /* levelbuttonbg-finished1star.png */; };
		20BE2F4C1D50CFA7004A8B17 /* levelbuttonbg-finished2star.png in Resources */ = {isa = PBXBuildFile; fileRef = 20BE2F491D50CFA7004A8B17 /* levelbuttonbg-finished2star.png */; };
		20BE2F4D1D50CFA7004A8B17 /* levelbuttonbg-finished3star.png in Resources */ = {isa = PBXBuildFile; fileRef = 20BE2F4A1D50CFA7004A8B17 /* levelbuttonbg-finished3star.png */; };
		20BE2F511D50D58C004A8B17 /* levelstars1.png in Resources */ = {isa = PBXBuildFile; fileRef = 20BE2F4E1D50D58C004A8B17 /* levelstars1.png */; };
		20BE2F521D50D58C004A8B17 /* levelstars2.png in Resources */ = {isa = PBXBuildFile; fileRef = 20BE2F4F1D50D58C004A8B17 /* levelstars2.png */; };
		20BE2F531D50D58C004A8B17 /* levelstars3.png in Resources */ = {isa = PBXBuildFile; fileRef = 20BE2F501D50D58C004A8B17 /* levelstars3.png */; };
		20BE2F551D50F53B004A8B17 /* RandGameBonusLevel.swift in Sources */ = {isa = PBXBuildFile; fileRef = 20BE2F541D50F53B004A8B17 /* RandGameBonusLevel.swift */; };
		20BE2F571D510062004A8B17 /* RandGameBonusLevelInfoNode.swift in Sources */ = {isa = PBXBuildFile; fileRef = 20BE2F561D510062004A8B17 /* RandGameBonusLevelInfoNode.swift */; };
		20BE2F591D5105D8004A8B17 /* RandGameBonusLevelNode.swift in Sources */ = {isa = PBXBuildFile; fileRef = 20BE2F581D5105D8004A8B17 /* RandGameBonusLevelNode.swift */; };
		20BE2F5E1D5480AC004A8B17 /* levelbuttonbg-bonus-finished1star.png in Resources */ = {isa = PBXBuildFile; fileRef = 20BE2F5A1D5480AC004A8B17 /* levelbuttonbg-bonus-finished1star.png */; };
		20BE2F5F1D5480AC004A8B17 /* levelbuttonbg-bonus-finished2star.png in Resources */ = {isa = PBXBuildFile; fileRef = 20BE2F5B1D5480AC004A8B17 /* levelbuttonbg-bonus-finished2star.png */; };
		20BE2F601D5480AC004A8B17 /* levelbuttonbg-bonus-finished3star.png in Resources */ = {isa = PBXBuildFile; fileRef = 20BE2F5C1D5480AC004A8B17 /* levelbuttonbg-bonus-finished3star.png */; };
		20BE2F611D5480AC004A8B17 /* levelbuttonbg-bonus.png in Resources */ = {isa = PBXBuildFile; fileRef = 20BE2F5D1D5480AC004A8B17 /* levelbuttonbg-bonus.png */; };
		20BE2F641D54832B004A8B17 /* levelbuttonbg-bonus-locked.png in Resources */ = {isa = PBXBuildFile; fileRef = 20BE2F621D54832B004A8B17 /* levelbuttonbg-bonus-locked.png */; };
		20BE2F651D54832B004A8B17 /* levelbuttonbg-bonus-unlockable.png in Resources */ = {isa = PBXBuildFile; fileRef = 20BE2F631D54832B004A8B17 /* levelbuttonbg-bonus-unlockable.png */; };
		20BEA43F1D19415500DE74FB /* Localizable.strings in Resources */ = {isa = PBXBuildFile; fileRef = 20BEA43D1D19415500DE74FB /* Localizable.strings */; };
		20BFC0861D4D08E3000B7A6A /* levelbuttonbg-locked.png in Resources */ = {isa = PBXBuildFile; fileRef = 20BFC0851D4D08E3000B7A6A /* levelbuttonbg-locked.png */; };
		20BFC08A1D4D0AF7000B7A6A /* levelbuttonbg-unlockable.png in Resources */ = {isa = PBXBuildFile; fileRef = 20BFC0891D4D0AF7000B7A6A /* levelbuttonbg-unlockable.png */; };
		20C000941D1930A700CBA51E /* buttonminibg.png in Resources */ = {isa = PBXBuildFile; fileRef = 20C000931D1930A700CBA51E /* buttonminibg.png */; };
		20C995711D23EBA20029312F /* Welcome.wav in Resources */ = {isa = PBXBuildFile; fileRef = 20C995651D23EBA20029312F /* Welcome.wav */; };
		20C9957C1D23EBA20029312F /* wpump.wav in Resources */ = {isa = PBXBuildFile; fileRef = 20C995701D23EBA20029312F /* wpump.wav */; };
		20C9957E1D23EC2F0029312F /* StartScene.swift in Sources */ = {isa = PBXBuildFile; fileRef = 20C9957D1D23EC2F0029312F /* StartScene.swift */; };
		20C995801D23EC4E0029312F /* FileSaveHelper.swift in Sources */ = {isa = PBXBuildFile; fileRef = 20C9957F1D23EC4E0029312F /* FileSaveHelper.swift */; };
		20C995821D23EC620029312F /* SettingScene.swift in Sources */ = {isa = PBXBuildFile; fileRef = 20C995811D23EC620029312F /* SettingScene.swift */; };
		20C995841D23EC710029312F /* Selector.swift in Sources */ = {isa = PBXBuildFile; fileRef = 20C995831D23EC710029312F /* Selector.swift */; };
		20C995861D23EC7C0029312F /* ThemeSelector.swift in Sources */ = {isa = PBXBuildFile; fileRef = 20C995851D23EC7C0029312F /* ThemeSelector.swift */; };
		20C995881D23EC9A0029312F /* MusicSelector.swift in Sources */ = {isa = PBXBuildFile; fileRef = 20C995871D23EC9A0029312F /* MusicSelector.swift */; };
		20C9958A1D23ECC50029312F /* select.png in Resources */ = {isa = PBXBuildFile; fileRef = 20C995891D23ECC50029312F /* select.png */; };
		20C9958C1D23ECE90029312F /* BBStoreScene.swift in Sources */ = {isa = PBXBuildFile; fileRef = 20C9958B1D23ECE90029312F /* BBStoreScene.swift */; };
		20C9958F1D23ED100029312F /* Downloadable.swift in Sources */ = {isa = PBXBuildFile; fileRef = 20C9958E1D23ED100029312F /* Downloadable.swift */; };
		20C995911D23ED300029312F /* GameViewController.swift in Sources */ = {isa = PBXBuildFile; fileRef = 20C995901D23ED300029312F /* GameViewController.swift */; };
		20CB89CE1D4CE6E600A0408C /* RandGameLevel.swift in Sources */ = {isa = PBXBuildFile; fileRef = 20CB89CD1D4CE6E600A0408C /* RandGameLevel.swift */; };
		20CB89D01D4CE82600A0408C /* levelbuttonbg.png in Resources */ = {isa = PBXBuildFile; fileRef = 20CB89CF1D4CE82600A0408C /* levelbuttonbg.png */; };
		20CEC7E61D5DF87D0031830C /* pause.png in Resources */ = {isa = PBXBuildFile; fileRef = 20CEC7E51D5DF87D0031830C /* pause.png */; };
		20CEC7E81D5DFE2B0031830C /* RandGamePauseNode.swift in Sources */ = {isa = PBXBuildFile; fileRef = 20CEC7E71D5DFE2B0031830C /* RandGamePauseNode.swift */; };
		20CEC7EA1D5F1C670031830C /* BBT2.swift in Sources */ = {isa = PBXBuildFile; fileRef = 20CEC7E91D5F1C670031830C /* BBT2.swift */; };
		20E877331D23EDED00CCBA1A /* pump.wav in Resources */ = {isa = PBXBuildFile; fileRef = 20E877321D23EDED00CCBA1A /* pump.wav */; };
		20E877371D25AD9D00CCBA1A /* GameScene.swift in Sources */ = {isa = PBXBuildFile; fileRef = 20E877361D25AD9D00CCBA1A /* GameScene.swift */; };
		20E877391D25B1B500CCBA1A /* import.png in Resources */ = {isa = PBXBuildFile; fileRef = 20E877381D25B1B500CCBA1A /* import.png */; };
		20E9F7C423494D8900AF3A12 /* Settings.bundle in Resources */ = {isa = PBXBuildFile; fileRef = 20E9F7C323494D8800AF3A12 /* Settings.bundle */; };
		20F188171D2679F40099F717 /* RemoteNotificationDeepLink.swift in Sources */ = {isa = PBXBuildFile; fileRef = 20F188161D2679F40099F717 /* RemoteNotificationDeepLink.swift */; };
		20F188221D2821C30099F717 /* InfoPlist.strings in Resources */ = {isa = PBXBuildFile; fileRef = 20F188241D2821C30099F717 /* InfoPlist.strings */; };
		20F1882A1D2830470099F717 /* quick_singleplayer.png in Resources */ = {isa = PBXBuildFile; fileRef = 20F188271D2830470099F717 /* quick_singleplayer.png */; };
		20F1882B1D2830470099F717 /* quick_computer.png in Resources */ = {isa = PBXBuildFile; fileRef = 20F188281D2830470099F717 /* quick_computer.png */; };
		20F1882C1D2830470099F717 /* quick_time.png in Resources */ = {isa = PBXBuildFile; fileRef = 20F188291D2830470099F717 /* quick_time.png */; };
		20F1882E1D29A5300099F717 /* ImportMusic.swift in Sources */ = {isa = PBXBuildFile; fileRef = 20F1882D1D29A5300099F717 /* ImportMusic.swift */; };
		20F188301D2A62C70099F717 /* BBT1.swift in Sources */ = {isa = PBXBuildFile; fileRef = 20F1882F1D2A62C70099F717 /* BBT1.swift */; };
		20F89AE11D4D4A01004EA75E /* RandGameLevelInfoNode.swift in Sources */ = {isa = PBXBuildFile; fileRef = 20F89AE01D4D4A01004EA75E /* RandGameLevelInfoNode.swift */; };
		20FDCD9226907F5B00493C8E /* ZIPFoundation in Frameworks */ = {isa = PBXBuildFile; productRef = 20FDCD9126907F5B00493C8E /* ZIPFoundation */; };
		20FDCDA12690A55500493C8E /* LaunchScreen.storyboard in Resources */ = {isa = PBXBuildFile; fileRef = 20FDCDA02690A55500493C8E /* LaunchScreen.storyboard */; };
		20FF80DD1D19766D00E5A9EF /* AudioSlider.swift in Sources */ = {isa = PBXBuildFile; fileRef = 20FF80DC1D19766D00E5A9EF /* AudioSlider.swift */; };
		20FF80DF1D197E4800E5A9EF /* slider.png in Resources */ = {isa = PBXBuildFile; fileRef = 20FF80DE1D197E4800E5A9EF /* slider.png */; };
		20FF80E11D197EFB00E5A9EF /* slidericon.png in Resources */ = {isa = PBXBuildFile; fileRef = 20FF80E01D197EFB00E5A9EF /* slidericon.png */; };
/* End PBXBuildFile section */

/* Begin PBXContainerItemProxy section */
		200ADDFE1DBD071C00275668 /* PBXContainerItemProxy */ = {
			isa = PBXContainerItemProxy;
			containerPortal = 2067366D1D16E26300FB9FFF /* Project object */;
			proxyType = 1;
			remoteGlobalIDString = 200ADDF81DBD071B00275668;
			remoteInfo = BreakBaloonStickers;
		};
		203EEC7F234A6439002D81F2 /* PBXContainerItemProxy */ = {
			isa = PBXContainerItemProxy;
			containerPortal = 2067366D1D16E26300FB9FFF /* Project object */;
			proxyType = 1;
			remoteGlobalIDString = 203EEC7C234A6439002D81F2;
			remoteInfo = "BreakBaloon Watch Extension";
		};
		203EEC8D234A643A002D81F2 /* PBXContainerItemProxy */ = {
			isa = PBXContainerItemProxy;
			containerPortal = 2067366D1D16E26300FB9FFF /* Project object */;
			proxyType = 1;
			remoteGlobalIDString = 203EEC70234A6438002D81F2;
			remoteInfo = "BreakBaloon Watch";
		};
/* End PBXContainerItemProxy section */

/* Begin PBXCopyFilesBuildPhase section */
		200ADE041DBD071C00275668 /* Embed App Extensions */ = {
			isa = PBXCopyFilesBuildPhase;
			buildActionMask = 2147483647;
			dstPath = "";
			dstSubfolderSpec = 13;
			files = (
				200ADE001DBD071C00275668 /* BreakBaloonStickers.appex in Embed App Extensions */,
			);
			name = "Embed App Extensions";
			runOnlyForDeploymentPostprocessing = 0;
		};
		203EEC90234A643A002D81F2 /* Embed Watch Content */ = {
			isa = PBXCopyFilesBuildPhase;
			buildActionMask = 2147483647;
			dstPath = "$(CONTENTS_FOLDER_PATH)/Watch";
			dstSubfolderSpec = 16;
			files = (
				203EEC8F234A643A002D81F2 /* BreakBaloon Watch.app in Embed Watch Content */,
			);
			name = "Embed Watch Content";
			runOnlyForDeploymentPostprocessing = 0;
		};
		203EEC93234A643A002D81F2 /* Embed App Extensions */ = {
			isa = PBXCopyFilesBuildPhase;
			buildActionMask = 2147483647;
			dstPath = "";
			dstSubfolderSpec = 13;
			files = (
				203EEC7E234A6439002D81F2 /* BreakBaloon Watch Extension.appex in Embed App Extensions */,
			);
			name = "Embed App Extensions";
			runOnlyForDeploymentPostprocessing = 0;
		};
/* End PBXCopyFilesBuildPhase section */

/* Begin PBXFileReference section */
		200ADDF91DBD071B00275668 /* BreakBaloonStickers.appex */ = {isa = PBXFileReference; explicitFileType = "wrapper.app-extension"; includeInIndex = 0; path = BreakBaloonStickers.appex; sourceTree = BUILT_PRODUCTS_DIR; };
		200ADDFB1DBD071B00275668 /* Stickers.xcassets */ = {isa = PBXFileReference; lastKnownFileType = folder.assetcatalog; path = Stickers.xcassets; sourceTree = "<group>"; };
		200ADDFD1DBD071C00275668 /* Info.plist */ = {isa = PBXFileReference; lastKnownFileType = text.plist.xml; path = Info.plist; sourceTree = "<group>"; };
		200C7872235DD34B00E93468 /* Balloons.xcassets */ = {isa = PBXFileReference; lastKnownFileType = folder.assetcatalog; path = Balloons.xcassets; sourceTree = "<group>"; };
		2010C850235CE1A9001B5FE0 /* Case.swift */ = {isa = PBXFileReference; lastKnownFileType = sourcecode.swift; path = Case.swift; sourceTree = "<group>"; };
		201F4D5F1D17275600EB894A /* AppIcon.xcassets */ = {isa = PBXFileReference; lastKnownFileType = folder.assetcatalog; path = AppIcon.xcassets; sourceTree = "<group>"; };
		201F4D6B1D180F9F00EB894A /* Case.swift */ = {isa = PBXFileReference; fileEncoding = 4; lastKnownFileType = sourcecode.swift; path = Case.swift; sourceTree = "<group>"; };
		201F4D6E1D1812DE00EB894A /* closed0.png */ = {isa = PBXFileReference; lastKnownFileType = image.png; path = closed0.png; sourceTree = "<group>"; };
		201F4D6F1D1812DE00EB894A /* closed1.png */ = {isa = PBXFileReference; lastKnownFileType = image.png; path = closed1.png; sourceTree = "<group>"; };
		201F4D701D1812DE00EB894A /* closed2.png */ = {isa = PBXFileReference; lastKnownFileType = image.png; path = closed2.png; sourceTree = "<group>"; };
		201F4D711D1812DE00EB894A /* closed3.png */ = {isa = PBXFileReference; lastKnownFileType = image.png; path = closed3.png; sourceTree = "<group>"; };
		201F4D721D1812DE00EB894A /* closed4.png */ = {isa = PBXFileReference; lastKnownFileType = image.png; path = closed4.png; sourceTree = "<group>"; };
		201F4D731D1812DE00EB894A /* closed5.png */ = {isa = PBXFileReference; lastKnownFileType = image.png; path = closed5.png; sourceTree = "<group>"; };
		201F4D771D1812DE00EB894A /* opened0.png */ = {isa = PBXFileReference; lastKnownFileType = image.png; path = opened0.png; sourceTree = "<group>"; };
		201F4D781D1812DE00EB894A /* opened1.png */ = {isa = PBXFileReference; lastKnownFileType = image.png; path = opened1.png; sourceTree = "<group>"; };
		201F4D791D1812DE00EB894A /* opened2.png */ = {isa = PBXFileReference; lastKnownFileType = image.png; path = opened2.png; sourceTree = "<group>"; };
		201F4D7A1D1812DE00EB894A /* opened3.png */ = {isa = PBXFileReference; lastKnownFileType = image.png; path = opened3.png; sourceTree = "<group>"; };
		201F4D7B1D1812DE00EB894A /* opened4.png */ = {isa = PBXFileReference; lastKnownFileType = image.png; path = opened4.png; sourceTree = "<group>"; };
		201F4D7C1D1812DE00EB894A /* opened5.png */ = {isa = PBXFileReference; lastKnownFileType = image.png; path = opened5.png; sourceTree = "<group>"; };
		20263A9F1D5CBFB6005E596B /* fake-closed0.png */ = {isa = PBXFileReference; lastKnownFileType = image.png; path = "fake-closed0.png"; sourceTree = "<group>"; };
		20263AA01D5CBFB6005E596B /* fake-closed1.png */ = {isa = PBXFileReference; lastKnownFileType = image.png; path = "fake-closed1.png"; sourceTree = "<group>"; };
		20263AA11D5CBFB6005E596B /* fake-closed2.png */ = {isa = PBXFileReference; lastKnownFileType = image.png; path = "fake-closed2.png"; sourceTree = "<group>"; };
		20263AA21D5CBFB6005E596B /* fake-closed3.png */ = {isa = PBXFileReference; lastKnownFileType = image.png; path = "fake-closed3.png"; sourceTree = "<group>"; };
		20263AA31D5CBFB6005E596B /* fake-closed4.png */ = {isa = PBXFileReference; lastKnownFileType = image.png; path = "fake-closed4.png"; sourceTree = "<group>"; };
		20263AA41D5CBFB6005E596B /* fake-closed5.png */ = {isa = PBXFileReference; lastKnownFileType = image.png; path = "fake-closed5.png"; sourceTree = "<group>"; };
		20263AAB1D5CC2A4005E596B /* fake-opened0.png */ = {isa = PBXFileReference; lastKnownFileType = image.png; path = "fake-opened0.png"; sourceTree = "<group>"; };
		20263AAC1D5CC2A4005E596B /* fake-opened1.png */ = {isa = PBXFileReference; lastKnownFileType = image.png; path = "fake-opened1.png"; sourceTree = "<group>"; };
		20263AAD1D5CC2A4005E596B /* fake-opened2.png */ = {isa = PBXFileReference; lastKnownFileType = image.png; path = "fake-opened2.png"; sourceTree = "<group>"; };
		20263AAE1D5CC2A4005E596B /* fake-opened3.png */ = {isa = PBXFileReference; lastKnownFileType = image.png; path = "fake-opened3.png"; sourceTree = "<group>"; };
		20263AAF1D5CC2A4005E596B /* fake-opened4.png */ = {isa = PBXFileReference; lastKnownFileType = image.png; path = "fake-opened4.png"; sourceTree = "<group>"; };
		20263AB01D5CC2A4005E596B /* fake-opened5.png */ = {isa = PBXFileReference; lastKnownFileType = image.png; path = "fake-opened5.png"; sourceTree = "<group>"; };
		203EEC71234A6438002D81F2 /* BreakBaloon Watch.app */ = {isa = PBXFileReference; explicitFileType = wrapper.application; includeInIndex = 0; path = "BreakBaloon Watch.app"; sourceTree = BUILT_PRODUCTS_DIR; };
		203EEC74234A6438002D81F2 /* Base */ = {isa = PBXFileReference; lastKnownFileType = file.storyboard; name = Base; path = Base.lproj/Interface.storyboard; sourceTree = "<group>"; };
		203EEC76234A6439002D81F2 /* Assets.xcassets */ = {isa = PBXFileReference; lastKnownFileType = folder.assetcatalog; path = Assets.xcassets; sourceTree = "<group>"; };
		203EEC78234A6439002D81F2 /* Info.plist */ = {isa = PBXFileReference; lastKnownFileType = text.plist.xml; path = Info.plist; sourceTree = "<group>"; };
		203EEC7D234A6439002D81F2 /* BreakBaloon Watch Extension.appex */ = {isa = PBXFileReference; explicitFileType = "wrapper.app-extension"; includeInIndex = 0; path = "BreakBaloon Watch Extension.appex"; sourceTree = BUILT_PRODUCTS_DIR; };
		203EEC82234A6439002D81F2 /* InterfaceController.swift */ = {isa = PBXFileReference; lastKnownFileType = sourcecode.swift; path = InterfaceController.swift; sourceTree = "<group>"; };
		203EEC86234A6439002D81F2 /* WatchGameScene.swift */ = {isa = PBXFileReference; lastKnownFileType = sourcecode.swift; path = WatchGameScene.swift; sourceTree = "<group>"; };
		203EEC88234A6439002D81F2 /* ExtensionDelegate.swift */ = {isa = PBXFileReference; lastKnownFileType = sourcecode.swift; path = ExtensionDelegate.swift; sourceTree = "<group>"; };
		203EEC8A234A643A002D81F2 /* Assets.xcassets */ = {isa = PBXFileReference; lastKnownFileType = folder.assetcatalog; path = Assets.xcassets; sourceTree = "<group>"; };
		203EEC8C234A643A002D81F2 /* Info.plist */ = {isa = PBXFileReference; lastKnownFileType = text.plist.xml; path = Info.plist; sourceTree = "<group>"; };
		2042891F1D4E670300BDEE39 /* RandGameLevelEndNode.swift */ = {isa = PBXFileReference; fileEncoding = 4; lastKnownFileType = sourcecode.swift; path = RandGameLevelEndNode.swift; sourceTree = "<group>"; };
		204289211D4E71EB00BDEE39 /* levelreplay.png */ = {isa = PBXFileReference; lastKnownFileType = image.png; path = levelreplay.png; sourceTree = "<group>"; };
		204289231D4E78EC00BDEE39 /* levelnext.png */ = {isa = PBXFileReference; lastKnownFileType = image.png; path = levelnext.png; sourceTree = "<group>"; };
		204289251D4E78FE00BDEE39 /* levelback.png */ = {isa = PBXFileReference; lastKnownFileType = image.png; path = levelback.png; sourceTree = "<group>"; };
		2044493D1D4F6439000EE217 /* RandGameLevelNode.swift */ = {isa = PBXFileReference; fileEncoding = 4; lastKnownFileType = sourcecode.swift; path = RandGameLevelNode.swift; sourceTree = "<group>"; };
		204FBB2E1D58D9B700971306 /* checkbox-disabled.png */ = {isa = PBXFileReference; lastKnownFileType = image.png; path = "checkbox-disabled.png"; sourceTree = "<group>"; };
		205CADB42691136D00C0C508 /* IPhoneSettingScene.swift */ = {isa = PBXFileReference; fileEncoding = 4; lastKnownFileType = sourcecode.swift; path = IPhoneSettingScene.swift; sourceTree = "<group>"; };
		205CADB726912C7900C0C508 /* .swiftformat */ = {isa = PBXFileReference; lastKnownFileType = text; path = .swiftformat; sourceTree = "<group>"; };
		206736751D16E26300FB9FFF /* BreakBaloon.app */ = {isa = PBXFileReference; explicitFileType = wrapper.application; includeInIndex = 0; path = BreakBaloon.app; sourceTree = BUILT_PRODUCTS_DIR; };
		206736781D16E26300FB9FFF /* AppDelegate.swift */ = {isa = PBXFileReference; lastKnownFileType = sourcecode.swift; path = AppDelegate.swift; sourceTree = "<group>"; };
		2067367A1D16E26300FB9FFF /* StartScene.sks */ = {isa = PBXFileReference; lastKnownFileType = file.sks; path = StartScene.sks; sourceTree = "<group>"; };
		206736881D16E26300FB9FFF /* Info.plist */ = {isa = PBXFileReference; lastKnownFileType = text.plist.xml; path = Info.plist; sourceTree = "<group>"; };
		206736941D16FA5100FB9FFF /* buttonbg.png */ = {isa = PBXFileReference; lastKnownFileType = image.png; path = buttonbg.png; sourceTree = "<group>"; };
		207A2CD7235E2A37004BC4E5 /* en */ = {isa = PBXFileReference; lastKnownFileType = text.plist.strings; name = en; path = en.lproj/Localizable.strings; sourceTree = "<group>"; };
		207A2CD9235E2A44004BC4E5 /* da */ = {isa = PBXFileReference; lastKnownFileType = text.plist.strings; name = da; path = da.lproj/Localizable.strings; sourceTree = "<group>"; };
		207A2CDA235E2A44004BC4E5 /* fr */ = {isa = PBXFileReference; lastKnownFileType = text.plist.strings; name = fr; path = fr.lproj/Localizable.strings; sourceTree = "<group>"; };
		208989531D5CAF07008CB986 /* FakeCase.swift */ = {isa = PBXFileReference; fileEncoding = 4; lastKnownFileType = sourcecode.swift; path = FakeCase.swift; sourceTree = "<group>"; };
		2099709B1D6303CD00A3F268 /* AbstractTheme.swift */ = {isa = PBXFileReference; fileEncoding = 4; lastKnownFileType = sourcecode.swift; path = AbstractTheme.swift; sourceTree = "<group>"; };
		20A335A71D4BD34100B54FBE /* fr */ = {isa = PBXFileReference; lastKnownFileType = file.storyboard; name = fr; path = fr.lproj/Main.storyboard; sourceTree = "<group>"; };
		20A335A81D4BD34200B54FBE /* da */ = {isa = PBXFileReference; lastKnownFileType = file.storyboard; name = da; path = da.lproj/Main.storyboard; sourceTree = "<group>"; };
		20A335A91D4BD35500B54FBE /* Base */ = {isa = PBXFileReference; lastKnownFileType = file.storyboard; name = Base; path = Base.lproj/Main.storyboard; sourceTree = "<group>"; };
		20A335AA1D4BD36200B54FBE /* Base */ = {isa = PBXFileReference; lastKnownFileType = text.plist.strings; name = Base; path = Base.lproj/Localizable.strings; sourceTree = "<group>"; };
		20A335AB1D4BD37000B54FBE /* Base */ = {isa = PBXFileReference; lastKnownFileType = text.plist.strings; name = Base; path = Base.lproj/InfoPlist.strings; sourceTree = "<group>"; };
		20A335AD1D4BD38700B54FBE /* en */ = {isa = PBXFileReference; lastKnownFileType = text.plist.strings; name = en; path = en.lproj/Main.strings; sourceTree = "<group>"; };
		20A335AE1D4BD8C300B54FBE /* AbstractGameScene.swift */ = {isa = PBXFileReference; fileEncoding = 4; lastKnownFileType = sourcecode.swift; path = AbstractGameScene.swift; sourceTree = "<group>"; };
		20A335B01D4BDE4000B54FBE /* RandGameScene.swift */ = {isa = PBXFileReference; fileEncoding = 4; lastKnownFileType = sourcecode.swift; path = RandGameScene.swift; sourceTree = "<group>"; };
		20AFF9D01D54B4F200B4CBF8 /* CheckBox.swift */ = {isa = PBXFileReference; fileEncoding = 4; lastKnownFileType = sourcecode.swift; path = CheckBox.swift; sourceTree = "<group>"; };
		20AFF9D21D56822C00B4CBF8 /* ExtensionSettingScene.swift */ = {isa = PBXFileReference; fileEncoding = 4; lastKnownFileType = sourcecode.swift; path = ExtensionSettingScene.swift; sourceTree = "<group>"; };
		20AFF9D41D568B0200B4CBF8 /* checkbox-check.png */ = {isa = PBXFileReference; lastKnownFileType = image.png; path = "checkbox-check.png"; sourceTree = "<group>"; };
		20AFF9D51D568B0200B4CBF8 /* checkbox.png */ = {isa = PBXFileReference; lastKnownFileType = image.png; path = checkbox.png; sourceTree = "<group>"; };
		20B004BC1D2BEF04005F706F /* COPYING */ = {isa = PBXFileReference; fileEncoding = 4; lastKnownFileType = text; path = COPYING; sourceTree = "<group>"; };
		20B004BE1D2BF952005F706F /* README.md */ = {isa = PBXFileReference; fileEncoding = 4; lastKnownFileType = net.daringfireball.markdown; path = README.md; sourceTree = "<group>"; };
		20B004F61D2C4B59005F706F /* level.png */ = {isa = PBXFileReference; lastKnownFileType = image.png; path = level.png; sourceTree = "<group>"; };
		20BE2F481D50CFA7004A8B17 /* levelbuttonbg-finished1star.png */ = {isa = PBXFileReference; lastKnownFileType = image.png; path = "levelbuttonbg-finished1star.png"; sourceTree = "<group>"; };
		20BE2F491D50CFA7004A8B17 /* levelbuttonbg-finished2star.png */ = {isa = PBXFileReference; lastKnownFileType = image.png; path = "levelbuttonbg-finished2star.png"; sourceTree = "<group>"; };
		20BE2F4A1D50CFA7004A8B17 /* levelbuttonbg-finished3star.png */ = {isa = PBXFileReference; lastKnownFileType = image.png; path = "levelbuttonbg-finished3star.png"; sourceTree = "<group>"; };
		20BE2F4E1D50D58C004A8B17 /* levelstars1.png */ = {isa = PBXFileReference; lastKnownFileType = image.png; path = levelstars1.png; sourceTree = "<group>"; };
		20BE2F4F1D50D58C004A8B17 /* levelstars2.png */ = {isa = PBXFileReference; lastKnownFileType = image.png; path = levelstars2.png; sourceTree = "<group>"; };
		20BE2F501D50D58C004A8B17 /* levelstars3.png */ = {isa = PBXFileReference; lastKnownFileType = image.png; path = levelstars3.png; sourceTree = "<group>"; };
		20BE2F541D50F53B004A8B17 /* RandGameBonusLevel.swift */ = {isa = PBXFileReference; fileEncoding = 4; lastKnownFileType = sourcecode.swift; path = RandGameBonusLevel.swift; sourceTree = "<group>"; };
		20BE2F561D510062004A8B17 /* RandGameBonusLevelInfoNode.swift */ = {isa = PBXFileReference; fileEncoding = 4; lastKnownFileType = sourcecode.swift; path = RandGameBonusLevelInfoNode.swift; sourceTree = "<group>"; };
		20BE2F581D5105D8004A8B17 /* RandGameBonusLevelNode.swift */ = {isa = PBXFileReference; fileEncoding = 4; lastKnownFileType = sourcecode.swift; path = RandGameBonusLevelNode.swift; sourceTree = "<group>"; };
		20BE2F5A1D5480AC004A8B17 /* levelbuttonbg-bonus-finished1star.png */ = {isa = PBXFileReference; lastKnownFileType = image.png; path = "levelbuttonbg-bonus-finished1star.png"; sourceTree = "<group>"; };
		20BE2F5B1D5480AC004A8B17 /* levelbuttonbg-bonus-finished2star.png */ = {isa = PBXFileReference; lastKnownFileType = image.png; path = "levelbuttonbg-bonus-finished2star.png"; sourceTree = "<group>"; };
		20BE2F5C1D5480AC004A8B17 /* levelbuttonbg-bonus-finished3star.png */ = {isa = PBXFileReference; lastKnownFileType = image.png; path = "levelbuttonbg-bonus-finished3star.png"; sourceTree = "<group>"; };
		20BE2F5D1D5480AC004A8B17 /* levelbuttonbg-bonus.png */ = {isa = PBXFileReference; lastKnownFileType = image.png; path = "levelbuttonbg-bonus.png"; sourceTree = "<group>"; };
		20BE2F621D54832B004A8B17 /* levelbuttonbg-bonus-locked.png */ = {isa = PBXFileReference; lastKnownFileType = image.png; path = "levelbuttonbg-bonus-locked.png"; sourceTree = "<group>"; };
		20BE2F631D54832B004A8B17 /* levelbuttonbg-bonus-unlockable.png */ = {isa = PBXFileReference; lastKnownFileType = image.png; path = "levelbuttonbg-bonus-unlockable.png"; sourceTree = "<group>"; };
		20BEA43E1D19415500DE74FB /* en */ = {isa = PBXFileReference; lastKnownFileType = text.plist.strings; name = en; path = en.lproj/Localizable.strings; sourceTree = "<group>"; };
		20BEA4401D19418300DE74FB /* fr */ = {isa = PBXFileReference; lastKnownFileType = text.plist.strings; name = fr; path = fr.lproj/Localizable.strings; sourceTree = "<group>"; };
		20BFC0851D4D08E3000B7A6A /* levelbuttonbg-locked.png */ = {isa = PBXFileReference; lastKnownFileType = image.png; path = "levelbuttonbg-locked.png"; sourceTree = "<group>"; };
		20BFC0891D4D0AF7000B7A6A /* levelbuttonbg-unlockable.png */ = {isa = PBXFileReference; lastKnownFileType = image.png; path = "levelbuttonbg-unlockable.png"; sourceTree = "<group>"; };
		20C000931D1930A700CBA51E /* buttonminibg.png */ = {isa = PBXFileReference; lastKnownFileType = image.png; path = buttonminibg.png; sourceTree = "<group>"; };
		20C995651D23EBA20029312F /* Welcome.wav */ = {isa = PBXFileReference; lastKnownFileType = audio.wav; path = Welcome.wav; sourceTree = "<group>"; };
		20C995701D23EBA20029312F /* wpump.wav */ = {isa = PBXFileReference; lastKnownFileType = audio.wav; path = wpump.wav; sourceTree = "<group>"; };
		20C9957D1D23EC2F0029312F /* StartScene.swift */ = {isa = PBXFileReference; fileEncoding = 4; lastKnownFileType = sourcecode.swift; path = StartScene.swift; sourceTree = "<group>"; };
		20C9957F1D23EC4E0029312F /* FileSaveHelper.swift */ = {isa = PBXFileReference; fileEncoding = 4; lastKnownFileType = sourcecode.swift; path = FileSaveHelper.swift; sourceTree = "<group>"; };
		20C995811D23EC620029312F /* SettingScene.swift */ = {isa = PBXFileReference; fileEncoding = 4; lastKnownFileType = sourcecode.swift; path = SettingScene.swift; sourceTree = "<group>"; };
		20C995831D23EC710029312F /* Selector.swift */ = {isa = PBXFileReference; fileEncoding = 4; lastKnownFileType = sourcecode.swift; path = Selector.swift; sourceTree = "<group>"; };
		20C995851D23EC7C0029312F /* ThemeSelector.swift */ = {isa = PBXFileReference; fileEncoding = 4; lastKnownFileType = sourcecode.swift; path = ThemeSelector.swift; sourceTree = "<group>"; };
		20C995871D23EC9A0029312F /* MusicSelector.swift */ = {isa = PBXFileReference; fileEncoding = 4; lastKnownFileType = sourcecode.swift; path = MusicSelector.swift; sourceTree = "<group>"; };
		20C995891D23ECC50029312F /* select.png */ = {isa = PBXFileReference; lastKnownFileType = image.png; path = select.png; sourceTree = "<group>"; };
		20C9958B1D23ECE90029312F /* BBStoreScene.swift */ = {isa = PBXFileReference; fileEncoding = 4; lastKnownFileType = sourcecode.swift; path = BBStoreScene.swift; sourceTree = "<group>"; };
		20C9958E1D23ED100029312F /* Downloadable.swift */ = {isa = PBXFileReference; fileEncoding = 4; lastKnownFileType = sourcecode.swift; path = Downloadable.swift; sourceTree = "<group>"; };
		20C995901D23ED300029312F /* GameViewController.swift */ = {isa = PBXFileReference; fileEncoding = 4; lastKnownFileType = sourcecode.swift; path = GameViewController.swift; sourceTree = "<group>"; };
		20CB89CD1D4CE6E600A0408C /* RandGameLevel.swift */ = {isa = PBXFileReference; fileEncoding = 4; lastKnownFileType = sourcecode.swift; path = RandGameLevel.swift; sourceTree = "<group>"; };
		20CB89CF1D4CE82600A0408C /* levelbuttonbg.png */ = {isa = PBXFileReference; lastKnownFileType = image.png; path = levelbuttonbg.png; sourceTree = "<group>"; };
		20CEC7E51D5DF87D0031830C /* pause.png */ = {isa = PBXFileReference; lastKnownFileType = image.png; path = pause.png; sourceTree = "<group>"; };
		20CEC7E71D5DFE2B0031830C /* RandGamePauseNode.swift */ = {isa = PBXFileReference; fileEncoding = 4; lastKnownFileType = sourcecode.swift; path = RandGamePauseNode.swift; sourceTree = "<group>"; };
		20CEC7E91D5F1C670031830C /* BBT2.swift */ = {isa = PBXFileReference; fileEncoding = 4; lastKnownFileType = sourcecode.swift; path = BBT2.swift; sourceTree = "<group>"; };
		20E877321D23EDED00CCBA1A /* pump.wav */ = {isa = PBXFileReference; lastKnownFileType = audio.wav; path = pump.wav; sourceTree = "<group>"; };
		20E877361D25AD9D00CCBA1A /* GameScene.swift */ = {isa = PBXFileReference; fileEncoding = 4; lastKnownFileType = sourcecode.swift; path = GameScene.swift; sourceTree = "<group>"; };
		20E877381D25B1B500CCBA1A /* import.png */ = {isa = PBXFileReference; lastKnownFileType = image.png; path = import.png; sourceTree = "<group>"; };
		20E9F7C323494D8800AF3A12 /* Settings.bundle */ = {isa = PBXFileReference; lastKnownFileType = "wrapper.plug-in"; path = Settings.bundle; sourceTree = "<group>"; };
		20F188161D2679F40099F717 /* RemoteNotificationDeepLink.swift */ = {isa = PBXFileReference; fileEncoding = 4; lastKnownFileType = sourcecode.swift; path = RemoteNotificationDeepLink.swift; sourceTree = "<group>"; };
		20F188231D2821C30099F717 /* en */ = {isa = PBXFileReference; lastKnownFileType = text.plist.strings; name = en; path = en.lproj/InfoPlist.strings; sourceTree = "<group>"; };
		20F188251D2821C90099F717 /* fr */ = {isa = PBXFileReference; lastKnownFileType = text.plist.strings; name = fr; path = fr.lproj/InfoPlist.strings; sourceTree = "<group>"; };
		20F188261D2821CA0099F717 /* da */ = {isa = PBXFileReference; lastKnownFileType = text.plist.strings; name = da; path = da.lproj/InfoPlist.strings; sourceTree = "<group>"; };
		20F188271D2830470099F717 /* quick_singleplayer.png */ = {isa = PBXFileReference; lastKnownFileType = image.png; path = quick_singleplayer.png; sourceTree = "<group>"; };
		20F188281D2830470099F717 /* quick_computer.png */ = {isa = PBXFileReference; lastKnownFileType = image.png; path = quick_computer.png; sourceTree = "<group>"; };
		20F188291D2830470099F717 /* quick_time.png */ = {isa = PBXFileReference; lastKnownFileType = image.png; path = quick_time.png; sourceTree = "<group>"; };
		20F1882D1D29A5300099F717 /* ImportMusic.swift */ = {isa = PBXFileReference; fileEncoding = 4; lastKnownFileType = sourcecode.swift; path = ImportMusic.swift; sourceTree = "<group>"; };
		20F1882F1D2A62C70099F717 /* BBT1.swift */ = {isa = PBXFileReference; fileEncoding = 4; lastKnownFileType = sourcecode.swift; path = BBT1.swift; sourceTree = "<group>"; };
		20F89AE01D4D4A01004EA75E /* RandGameLevelInfoNode.swift */ = {isa = PBXFileReference; fileEncoding = 4; lastKnownFileType = sourcecode.swift; path = RandGameLevelInfoNode.swift; sourceTree = "<group>"; };
		20FDCD9426909FC200493C8E /* .gitignore */ = {isa = PBXFileReference; lastKnownFileType = text; path = .gitignore; sourceTree = "<group>"; };
		20FDCDA02690A55500493C8E /* LaunchScreen.storyboard */ = {isa = PBXFileReference; lastKnownFileType = file.storyboard; path = LaunchScreen.storyboard; sourceTree = "<group>"; };
		20FF80DC1D19766D00E5A9EF /* AudioSlider.swift */ = {isa = PBXFileReference; fileEncoding = 4; lastKnownFileType = sourcecode.swift; path = AudioSlider.swift; sourceTree = "<group>"; };
		20FF80DE1D197E4800E5A9EF /* slider.png */ = {isa = PBXFileReference; lastKnownFileType = image.png; path = slider.png; sourceTree = "<group>"; };
		20FF80E01D197EFB00E5A9EF /* slidericon.png */ = {isa = PBXFileReference; lastKnownFileType = image.png; path = slidericon.png; sourceTree = "<group>"; };
		20FF80E21D198DB100E5A9EF /* da */ = {isa = PBXFileReference; lastKnownFileType = text.plist.strings; name = da; path = da.lproj/Localizable.strings; sourceTree = "<group>"; };
/* End PBXFileReference section */

/* Begin PBXFrameworksBuildPhase section */
		203EEC7A234A6439002D81F2 /* Frameworks */ = {
			isa = PBXFrameworksBuildPhase;
			buildActionMask = 2147483647;
			files = (
			);
			runOnlyForDeploymentPostprocessing = 0;
		};
		206736721D16E26300FB9FFF /* Frameworks */ = {
			isa = PBXFrameworksBuildPhase;
			buildActionMask = 2147483647;
			files = (
				20FDCD9226907F5B00493C8E /* ZIPFoundation in Frameworks */,
			);
			runOnlyForDeploymentPostprocessing = 0;
		};
/* End PBXFrameworksBuildPhase section */

/* Begin PBXGroup section */
		200ADDFA1DBD071B00275668 /* BreakBaloonStickers */ = {
			isa = PBXGroup;
			children = (
				200ADDFB1DBD071B00275668 /* Stickers.xcassets */,
				200ADDFD1DBD071C00275668 /* Info.plist */,
			);
			path = BreakBaloonStickers;
			sourceTree = "<group>";
		};
		203EEC72234A6438002D81F2 /* BreakBaloon Watch */ = {
			isa = PBXGroup;
			children = (
				203EEC73234A6438002D81F2 /* Interface.storyboard */,
				203EEC76234A6439002D81F2 /* Assets.xcassets */,
				203EEC78234A6439002D81F2 /* Info.plist */,
			);
			path = "BreakBaloon Watch";
			sourceTree = "<group>";
		};
		203EEC81234A6439002D81F2 /* BreakBaloon Watch Extension */ = {
			isa = PBXGroup;
			children = (
				203EEC82234A6439002D81F2 /* InterfaceController.swift */,
				2010C850235CE1A9001B5FE0 /* Case.swift */,
				203EEC86234A6439002D81F2 /* WatchGameScene.swift */,
				203EEC88234A6439002D81F2 /* ExtensionDelegate.swift */,
				203EEC8A234A643A002D81F2 /* Assets.xcassets */,
				203EEC8C234A643A002D81F2 /* Info.plist */,
				200C7872235DD34B00E93468 /* Balloons.xcassets */,
				207A2CD8235E2A37004BC4E5 /* Localizable.strings */,
			);
			path = "BreakBaloon Watch Extension";
			sourceTree = "<group>";
		};
		2067366C1D16E26300FB9FFF = {
			isa = PBXGroup;
			children = (
				205CADB726912C7900C0C508 /* .swiftformat */,
				20E9F7C323494D8800AF3A12 /* Settings.bundle */,
				20B004BC1D2BEF04005F706F /* COPYING */,
				20B004BE1D2BF952005F706F /* README.md */,
				20FDCD9426909FC200493C8E /* .gitignore */,
				206736771D16E26300FB9FFF /* BreakBaloon */,
				200ADDFA1DBD071B00275668 /* BreakBaloonStickers */,
				203EEC72234A6438002D81F2 /* BreakBaloon Watch */,
				203EEC81234A6439002D81F2 /* BreakBaloon Watch Extension */,
				206736761D16E26300FB9FFF /* Products */,
			);
			sourceTree = "<group>";
		};
		206736761D16E26300FB9FFF /* Products */ = {
			isa = PBXGroup;
			children = (
				206736751D16E26300FB9FFF /* BreakBaloon.app */,
				200ADDF91DBD071B00275668 /* BreakBaloonStickers.appex */,
				203EEC71234A6438002D81F2 /* BreakBaloon Watch.app */,
				203EEC7D234A6439002D81F2 /* BreakBaloon Watch Extension.appex */,
			);
			name = Products;
			sourceTree = "<group>";
		};
		206736771D16E26300FB9FFF /* BreakBaloon */ = {
			isa = PBXGroup;
			children = (
				20BEA4391D193D4A00DE74FB /* Translations */,
				20FDCD962690A05100493C8E /* Sounds */,
				20FDCD972690A05700493C8E /* Sprites */,
				20FDCD9C2690A35F00493C8E /* GameScene */,
				20FDCD992690A27200493C8E /* RandGame */,
				20FDCD9B2690A30300493C8E /* Theming */,
				20FDCD9A2690A29900493C8E /* Settings */,
				20FDCD9D2690A3B300493C8E /* BBStore */,
				206736781D16E26300FB9FFF /* AppDelegate.swift */,
				20F188161D2679F40099F717 /* RemoteNotificationDeepLink.swift */,
				2067367A1D16E26300FB9FFF /* StartScene.sks */,
				20C9957D1D23EC2F0029312F /* StartScene.swift */,
				20C995901D23ED300029312F /* GameViewController.swift */,
				201F4D5F1D17275600EB894A /* AppIcon.xcassets */,
				20FDCDA02690A55500493C8E /* LaunchScreen.storyboard */,
				20A335A61D4BD33E00B54FBE /* Main.storyboard */,
				206736881D16E26300FB9FFF /* Info.plist */,
			);
			path = BreakBaloon;
			sourceTree = "<group>";
		};
		20BEA4391D193D4A00DE74FB /* Translations */ = {
			isa = PBXGroup;
			children = (
				20BEA43D1D19415500DE74FB /* Localizable.strings */,
				20F188241D2821C30099F717 /* InfoPlist.strings */,
			);
			name = Translations;
			sourceTree = "<group>";
		};
		20FDCD962690A05100493C8E /* Sounds */ = {
			isa = PBXGroup;
			children = (
				20C995651D23EBA20029312F /* Welcome.wav */,
				20E877321D23EDED00CCBA1A /* pump.wav */,
				20C995701D23EBA20029312F /* wpump.wav */,
			);
			path = Sounds;
			sourceTree = "<group>";
		};
		20FDCD972690A05700493C8E /* Sprites */ = {
			isa = PBXGroup;
			children = (
				20FDCD982690A0DF00493C8E /* Baloons */,
				206736941D16FA5100FB9FFF /* buttonbg.png */,
				20C000931D1930A700CBA51E /* buttonminibg.png */,
				20AFF9D51D568B0200B4CBF8 /* checkbox.png */,
				204FBB2E1D58D9B700971306 /* checkbox-disabled.png */,
				20AFF9D41D568B0200B4CBF8 /* checkbox-check.png */,
				20CB89CF1D4CE82600A0408C /* levelbuttonbg.png */,
				20BE2F481D50CFA7004A8B17 /* levelbuttonbg-finished1star.png */,
				20BE2F491D50CFA7004A8B17 /* levelbuttonbg-finished2star.png */,
				20BE2F4A1D50CFA7004A8B17 /* levelbuttonbg-finished3star.png */,
				20BFC0851D4D08E3000B7A6A /* levelbuttonbg-locked.png */,
				20BFC0891D4D0AF7000B7A6A /* levelbuttonbg-unlockable.png */,
				20BE2F5D1D5480AC004A8B17 /* levelbuttonbg-bonus.png */,
				20BE2F5A1D5480AC004A8B17 /* levelbuttonbg-bonus-finished1star.png */,
				20BE2F5B1D5480AC004A8B17 /* levelbuttonbg-bonus-finished2star.png */,
				20BE2F5C1D5480AC004A8B17 /* levelbuttonbg-bonus-finished3star.png */,
				20BE2F621D54832B004A8B17 /* levelbuttonbg-bonus-locked.png */,
				20BE2F631D54832B004A8B17 /* levelbuttonbg-bonus-unlockable.png */,
				204289251D4E78FE00BDEE39 /* levelback.png */,
				204289231D4E78EC00BDEE39 /* levelnext.png */,
				204289211D4E71EB00BDEE39 /* levelreplay.png */,
				20BE2F4E1D50D58C004A8B17 /* levelstars1.png */,
				20BE2F4F1D50D58C004A8B17 /* levelstars2.png */,
				20BE2F501D50D58C004A8B17 /* levelstars3.png */,
				20FF80DE1D197E4800E5A9EF /* slider.png */,
				20FF80E01D197EFB00E5A9EF /* slidericon.png */,
				20C995891D23ECC50029312F /* select.png */,
				20E877381D25B1B500CCBA1A /* import.png */,
				20F188271D2830470099F717 /* quick_singleplayer.png */,
				20F188281D2830470099F717 /* quick_computer.png */,
				20F188291D2830470099F717 /* quick_time.png */,
				20CEC7E51D5DF87D0031830C /* pause.png */,
				20B004F61D2C4B59005F706F /* level.png */,
			);
			path = Sprites;
			sourceTree = "<group>";
		};
		20FDCD982690A0DF00493C8E /* Baloons */ = {
			isa = PBXGroup;
			children = (
				201F4D6E1D1812DE00EB894A /* closed0.png */,
				201F4D6F1D1812DE00EB894A /* closed1.png */,
				201F4D701D1812DE00EB894A /* closed2.png */,
				201F4D711D1812DE00EB894A /* closed3.png */,
				201F4D721D1812DE00EB894A /* closed4.png */,
				201F4D731D1812DE00EB894A /* closed5.png */,
				201F4D771D1812DE00EB894A /* opened0.png */,
				201F4D781D1812DE00EB894A /* opened1.png */,
				201F4D791D1812DE00EB894A /* opened2.png */,
				201F4D7A1D1812DE00EB894A /* opened3.png */,
				201F4D7B1D1812DE00EB894A /* opened4.png */,
				201F4D7C1D1812DE00EB894A /* opened5.png */,
				20263A9F1D5CBFB6005E596B /* fake-closed0.png */,
				20263AA01D5CBFB6005E596B /* fake-closed1.png */,
				20263AA11D5CBFB6005E596B /* fake-closed2.png */,
				20263AA21D5CBFB6005E596B /* fake-closed3.png */,
				20263AA31D5CBFB6005E596B /* fake-closed4.png */,
				20263AA41D5CBFB6005E596B /* fake-closed5.png */,
				20263AAB1D5CC2A4005E596B /* fake-opened0.png */,
				20263AAC1D5CC2A4005E596B /* fake-opened1.png */,
				20263AAD1D5CC2A4005E596B /* fake-opened2.png */,
				20263AAE1D5CC2A4005E596B /* fake-opened3.png */,
				20263AAF1D5CC2A4005E596B /* fake-opened4.png */,
				20263AB01D5CC2A4005E596B /* fake-opened5.png */,
			);
			path = Baloons;
			sourceTree = "<group>";
		};
		20FDCD992690A27200493C8E /* RandGame */ = {
			isa = PBXGroup;
			children = (
				20A335B01D4BDE4000B54FBE /* RandGameScene.swift */,
				20CB89CD1D4CE6E600A0408C /* RandGameLevel.swift */,
				2044493D1D4F6439000EE217 /* RandGameLevelNode.swift */,
				20F89AE01D4D4A01004EA75E /* RandGameLevelInfoNode.swift */,
				20CEC7E71D5DFE2B0031830C /* RandGamePauseNode.swift */,
				2042891F1D4E670300BDEE39 /* RandGameLevelEndNode.swift */,
				20BE2F541D50F53B004A8B17 /* RandGameBonusLevel.swift */,
				20BE2F561D510062004A8B17 /* RandGameBonusLevelInfoNode.swift */,
				20BE2F581D5105D8004A8B17 /* RandGameBonusLevelNode.swift */,
				208989531D5CAF07008CB986 /* FakeCase.swift */,
			);
			path = RandGame;
			sourceTree = "<group>";
		};
		20FDCD9A2690A29900493C8E /* Settings */ = {
			isa = PBXGroup;
			children = (
				20FF80DC1D19766D00E5A9EF /* AudioSlider.swift */,
				20C995811D23EC620029312F /* SettingScene.swift */,
				20AFF9D21D56822C00B4CBF8 /* ExtensionSettingScene.swift */,
				205CADB42691136D00C0C508 /* IPhoneSettingScene.swift */,
				20AFF9D01D54B4F200B4CBF8 /* CheckBox.swift */,
				20C995831D23EC710029312F /* Selector.swift */,
				20C995871D23EC9A0029312F /* MusicSelector.swift */,
				20C995851D23EC7C0029312F /* ThemeSelector.swift */,
				20F1882D1D29A5300099F717 /* ImportMusic.swift */,
			);
			path = Settings;
			sourceTree = "<group>";
		};
		20FDCD9B2690A30300493C8E /* Theming */ = {
			isa = PBXGroup;
			children = (
				2099709B1D6303CD00A3F268 /* AbstractTheme.swift */,
				20F1882F1D2A62C70099F717 /* BBT1.swift */,
				20CEC7E91D5F1C670031830C /* BBT2.swift */,
			);
			path = Theming;
			sourceTree = "<group>";
		};
		20FDCD9C2690A35F00493C8E /* GameScene */ = {
			isa = PBXGroup;
			children = (
				20A335AE1D4BD8C300B54FBE /* AbstractGameScene.swift */,
				20E877361D25AD9D00CCBA1A /* GameScene.swift */,
				201F4D6B1D180F9F00EB894A /* Case.swift */,
			);
			path = GameScene;
			sourceTree = "<group>";
		};
		20FDCD9D2690A3B300493C8E /* BBStore */ = {
			isa = PBXGroup;
			children = (
				20C9958B1D23ECE90029312F /* BBStoreScene.swift */,
				20C9958E1D23ED100029312F /* Downloadable.swift */,
				20C9957F1D23EC4E0029312F /* FileSaveHelper.swift */,
			);
			path = BBStore;
			sourceTree = "<group>";
		};
/* End PBXGroup section */

/* Begin PBXNativeTarget section */
		200ADDF81DBD071B00275668 /* BreakBaloonStickers */ = {
			isa = PBXNativeTarget;
			buildConfigurationList = 200ADE031DBD071C00275668 /* Build configuration list for PBXNativeTarget "BreakBaloonStickers" */;
			buildPhases = (
				200ADDF71DBD071B00275668 /* Resources */,
			);
			buildRules = (
			);
			dependencies = (
			);
			name = BreakBaloonStickers;
			productName = BreakBaloonStickers;
			productReference = 200ADDF91DBD071B00275668 /* BreakBaloonStickers.appex */;
			productType = "com.apple.product-type.app-extension.messages-sticker-pack";
		};
		203EEC70234A6438002D81F2 /* BreakBaloon Watch */ = {
			isa = PBXNativeTarget;
			buildConfigurationList = 203EEC97234A643A002D81F2 /* Build configuration list for PBXNativeTarget "BreakBaloon Watch" */;
			buildPhases = (
				203EEC6F234A6438002D81F2 /* Resources */,
				203EEC93234A643A002D81F2 /* Embed App Extensions */,
			);
			buildRules = (
			);
			dependencies = (
				203EEC80234A6439002D81F2 /* PBXTargetDependency */,
			);
			name = "BreakBaloon Watch";
			productName = "BreakBaloon Watch";
			productReference = 203EEC71234A6438002D81F2 /* BreakBaloon Watch.app */;
			productType = "com.apple.product-type.application.watchapp2";
		};
		203EEC7C234A6439002D81F2 /* BreakBaloon Watch Extension */ = {
			isa = PBXNativeTarget;
			buildConfigurationList = 203EEC96234A643A002D81F2 /* Build configuration list for PBXNativeTarget "BreakBaloon Watch Extension" */;
			buildPhases = (
				203EEC79234A6439002D81F2 /* Sources */,
				203EEC7A234A6439002D81F2 /* Frameworks */,
				203EEC7B234A6439002D81F2 /* Resources */,
			);
			buildRules = (
			);
			dependencies = (
			);
			name = "BreakBaloon Watch Extension";
			productName = "BreakBaloon Watch Extension";
			productReference = 203EEC7D234A6439002D81F2 /* BreakBaloon Watch Extension.appex */;
			productType = "com.apple.product-type.watchkit2-extension";
		};
		206736741D16E26300FB9FFF /* BreakBaloon */ = {
			isa = PBXNativeTarget;
			buildConfigurationList = 2067368B1D16E26300FB9FFF /* Build configuration list for PBXNativeTarget "BreakBaloon" */;
			buildPhases = (
				206736711D16E26300FB9FFF /* Sources */,
				206736721D16E26300FB9FFF /* Frameworks */,
				206736731D16E26300FB9FFF /* Resources */,
				200ADE041DBD071C00275668 /* Embed App Extensions */,
				203EEC90234A643A002D81F2 /* Embed Watch Content */,
			);
			buildRules = (
			);
			dependencies = (
				200ADDFF1DBD071C00275668 /* PBXTargetDependency */,
				203EEC8E234A643A002D81F2 /* PBXTargetDependency */,
			);
			name = BreakBaloon;
			packageProductDependencies = (
				20FDCD9126907F5B00493C8E /* ZIPFoundation */,
			);
			productName = BreakBaloon;
			productReference = 206736751D16E26300FB9FFF /* BreakBaloon.app */;
			productType = "com.apple.product-type.application";
		};
/* End PBXNativeTarget section */

/* Begin PBXProject section */
		2067366D1D16E26300FB9FFF /* Project object */ = {
			isa = PBXProject;
			attributes = {
				KnownAssetTags = (
					"com.apple.gamecenter.Leaderboard Set",
				);
				LastSwiftUpdateCheck = 1100;
				LastUpgradeCheck = 1250;
				ORGANIZATIONNAME = Snowy_1803;
				TargetAttributes = {
					200ADDF81DBD071B00275668 = {
						CreatedOnToolsVersion = 8.0;
						DevelopmentTeam = EYTYK8J7PX;
						ProvisioningStyle = Automatic;
					};
					203EEC70234A6438002D81F2 = {
						CreatedOnToolsVersion = 11.0;
						DevelopmentTeam = EYTYK8J7PX;
						ProvisioningStyle = Automatic;
					};
					203EEC7C234A6439002D81F2 = {
						CreatedOnToolsVersion = 11.0;
						DevelopmentTeam = EYTYK8J7PX;
						ProvisioningStyle = Automatic;
					};
					206736741D16E26300FB9FFF = {
						CreatedOnToolsVersion = 7.3.1;
						DevelopmentTeam = EYTYK8J7PX;
						LastSwiftMigration = 1100;
						SystemCapabilities = {
							com.apple.Maps.iOS = {
								enabled = 0;
							};
						};
					};
				};
			};
			buildConfigurationList = 206736701D16E26300FB9FFF /* Build configuration list for PBXProject "BreakBaloon" */;
			compatibilityVersion = "Xcode 3.2";
			developmentRegion = en;
			hasScannedForEncodings = 0;
			knownRegions = (
				en,
				fr,
				da,
				Base,
			);
			mainGroup = 2067366C1D16E26300FB9FFF;
			packageReferences = (
				20FDCD9026907F5B00493C8E /* XCRemoteSwiftPackageReference "ZIPFoundation" */,
			);
			productRefGroup = 206736761D16E26300FB9FFF /* Products */;
			projectDirPath = "";
			projectRoot = "";
			targets = (
				206736741D16E26300FB9FFF /* BreakBaloon */,
				200ADDF81DBD071B00275668 /* BreakBaloonStickers */,
				203EEC70234A6438002D81F2 /* BreakBaloon Watch */,
				203EEC7C234A6439002D81F2 /* BreakBaloon Watch Extension */,
			);
		};
/* End PBXProject section */

/* Begin PBXResourcesBuildPhase section */
		200ADDF71DBD071B00275668 /* Resources */ = {
			isa = PBXResourcesBuildPhase;
			buildActionMask = 2147483647;
			files = (
				200ADDFC1DBD071B00275668 /* Stickers.xcassets in Resources */,
			);
			runOnlyForDeploymentPostprocessing = 0;
		};
		203EEC6F234A6438002D81F2 /* Resources */ = {
			isa = PBXResourcesBuildPhase;
			buildActionMask = 2147483647;
			files = (
				203EEC77234A6439002D81F2 /* Assets.xcassets in Resources */,
				203EEC75234A6438002D81F2 /* Interface.storyboard in Resources */,
			);
			runOnlyForDeploymentPostprocessing = 0;
		};
		203EEC7B234A6439002D81F2 /* Resources */ = {
			isa = PBXResourcesBuildPhase;
			buildActionMask = 2147483647;
			files = (
				203EEC8B234A643A002D81F2 /* Assets.xcassets in Resources */,
				207A2CD6235E2A37004BC4E5 /* Localizable.strings in Resources */,
				200C7873235DD34B00E93468 /* Balloons.xcassets in Resources */,
			);
			runOnlyForDeploymentPostprocessing = 0;
		};
		206736731D16E26300FB9FFF /* Resources */ = {
			isa = PBXResourcesBuildPhase;
			buildActionMask = 2147483647;
			files = (
				20F1882A1D2830470099F717 /* quick_singleplayer.png in Resources */,
				204FBB2F1D58D9B700971306 /* checkbox-disabled.png in Resources */,
				20263AB21D5CC2A4005E596B /* fake-opened1.png in Resources */,
				20CB89D01D4CE82600A0408C /* levelbuttonbg.png in Resources */,
				20E877331D23EDED00CCBA1A /* pump.wav in Resources */,
				20BE2F5E1D5480AC004A8B17 /* levelbuttonbg-bonus-finished1star.png in Resources */,
				20263AAA1D5CBFB6005E596B /* fake-closed5.png in Resources */,
				204289261D4E78FE00BDEE39 /* levelback.png in Resources */,
				20263AB41D5CC2A4005E596B /* fake-opened3.png in Resources */,
				20FDCDA12690A55500493C8E /* LaunchScreen.storyboard in Resources */,
				206736951D16FA5100FB9FFF /* buttonbg.png in Resources */,
				20E877391D25B1B500CCBA1A /* import.png in Resources */,
				20A335A41D4BD33E00B54FBE /* Main.storyboard in Resources */,
				20263AA81D5CBFB6005E596B /* fake-closed3.png in Resources */,
				20263AA91D5CBFB6005E596B /* fake-closed4.png in Resources */,
				20C000941D1930A700CBA51E /* buttonminibg.png in Resources */,
				2067367B1D16E26300FB9FFF /* StartScene.sks in Resources */,
				20FF80DF1D197E4800E5A9EF /* slider.png in Resources */,
				20BE2F601D5480AC004A8B17 /* levelbuttonbg-bonus-finished3star.png in Resources */,
				20263AA61D5CBFB6005E596B /* fake-closed1.png in Resources */,
				20263AB61D5CC2A4005E596B /* fake-opened5.png in Resources */,
				20BE2F531D50D58C004A8B17 /* levelstars3.png in Resources */,
				20BE2F511D50D58C004A8B17 /* levelstars1.png in Resources */,
				20BE2F4D1D50CFA7004A8B17 /* levelbuttonbg-finished3star.png in Resources */,
				20C9958A1D23ECC50029312F /* select.png in Resources */,
				201F4D801D1812DE00EB894A /* closed0.png in Resources */,
				20CEC7E61D5DF87D0031830C /* pause.png in Resources */,
				20263AA51D5CBFB6005E596B /* fake-closed0.png in Resources */,
				20BE2F641D54832B004A8B17 /* levelbuttonbg-bonus-locked.png in Resources */,
				20263AB31D5CC2A4005E596B /* fake-opened2.png in Resources */,
				204289221D4E71EB00BDEE39 /* levelreplay.png in Resources */,
				201F4D8B1D1812DE00EB894A /* opened2.png in Resources */,
				20FF80E11D197EFB00E5A9EF /* slidericon.png in Resources */,
				201F4D8C1D1812DE00EB894A /* opened3.png in Resources */,
				201F4D601D17275600EB894A /* AppIcon.xcassets in Resources */,
				20263AA71D5CBFB6005E596B /* fake-closed2.png in Resources */,
				201F4D851D1812DE00EB894A /* closed5.png in Resources */,
				20BE2F611D5480AC004A8B17 /* levelbuttonbg-bonus.png in Resources */,
				201F4D8D1D1812DE00EB894A /* opened4.png in Resources */,
				204289241D4E78EC00BDEE39 /* levelnext.png in Resources */,
				201F4D8A1D1812DE00EB894A /* opened1.png in Resources */,
				20F188221D2821C30099F717 /* InfoPlist.strings in Resources */,
				20F1882C1D2830470099F717 /* quick_time.png in Resources */,
				20B004F71D2C4B59005F706F /* level.png in Resources */,
				20BEA43F1D19415500DE74FB /* Localizable.strings in Resources */,
				201F4D811D1812DE00EB894A /* closed1.png in Resources */,
				201F4D821D1812DE00EB894A /* closed2.png in Resources */,
				20C9957C1D23EBA20029312F /* wpump.wav in Resources */,
				20AFF9D61D568B0200B4CBF8 /* checkbox-check.png in Resources */,
				20C995711D23EBA20029312F /* Welcome.wav in Resources */,
				20BE2F4B1D50CFA7004A8B17 /* levelbuttonbg-finished1star.png in Resources */,
				201F4D891D1812DE00EB894A /* opened0.png in Resources */,
				20BFC0861D4D08E3000B7A6A /* levelbuttonbg-locked.png in Resources */,
				20AFF9D71D568B0200B4CBF8 /* checkbox.png in Resources */,
				20263AB11D5CC2A4005E596B /* fake-opened0.png in Resources */,
				20263AB51D5CC2A4005E596B /* fake-opened4.png in Resources */,
				20E9F7C423494D8900AF3A12 /* Settings.bundle in Resources */,
				20BE2F4C1D50CFA7004A8B17 /* levelbuttonbg-finished2star.png in Resources */,
				20BE2F521D50D58C004A8B17 /* levelstars2.png in Resources */,
				201F4D8E1D1812DE00EB894A /* opened5.png in Resources */,
				20BE2F651D54832B004A8B17 /* levelbuttonbg-bonus-unlockable.png in Resources */,
				201F4D831D1812DE00EB894A /* closed3.png in Resources */,
				20F1882B1D2830470099F717 /* quick_computer.png in Resources */,
				20BE2F5F1D5480AC004A8B17 /* levelbuttonbg-bonus-finished2star.png in Resources */,
				20BFC08A1D4D0AF7000B7A6A /* levelbuttonbg-unlockable.png in Resources */,
				201F4D841D1812DE00EB894A /* closed4.png in Resources */,
			);
			runOnlyForDeploymentPostprocessing = 0;
		};
/* End PBXResourcesBuildPhase section */

/* Begin PBXSourcesBuildPhase section */
		203EEC79234A6439002D81F2 /* Sources */ = {
			isa = PBXSourcesBuildPhase;
			buildActionMask = 2147483647;
			files = (
				203EEC87234A6439002D81F2 /* WatchGameScene.swift in Sources */,
				2010C851235CE1A9001B5FE0 /* Case.swift in Sources */,
				203EEC83234A6439002D81F2 /* InterfaceController.swift in Sources */,
				203EEC89234A6439002D81F2 /* ExtensionDelegate.swift in Sources */,
			);
			runOnlyForDeploymentPostprocessing = 0;
		};
		206736711D16E26300FB9FFF /* Sources */ = {
			isa = PBXSourcesBuildPhase;
			buildActionMask = 2147483647;
			files = (
				20F1882E1D29A5300099F717 /* ImportMusic.swift in Sources */,
				20C9958C1D23ECE90029312F /* BBStoreScene.swift in Sources */,
				205CADB52691136D00C0C508 /* IPhoneSettingScene.swift in Sources */,
				208989541D5CAF07008CB986 /* FakeCase.swift in Sources */,
				20FF80DD1D19766D00E5A9EF /* AudioSlider.swift in Sources */,
				2044493E1D4F6439000EE217 /* RandGameLevelNode.swift in Sources */,
				20C995821D23EC620029312F /* SettingScene.swift in Sources */,
				20F89AE11D4D4A01004EA75E /* RandGameLevelInfoNode.swift in Sources */,
				20F188171D2679F40099F717 /* RemoteNotificationDeepLink.swift in Sources */,
				204289201D4E670300BDEE39 /* RandGameLevelEndNode.swift in Sources */,
				20C995841D23EC710029312F /* Selector.swift in Sources */,
				20CEC7E81D5DFE2B0031830C /* RandGamePauseNode.swift in Sources */,
				20A335AF1D4BD8C300B54FBE /* AbstractGameScene.swift in Sources */,
				2010C84F235CE16B001B5FE0 /* Case.swift in Sources */,
				20C995911D23ED300029312F /* GameViewController.swift in Sources */,
				20BE2F591D5105D8004A8B17 /* RandGameBonusLevelNode.swift in Sources */,
				20C9957E1D23EC2F0029312F /* StartScene.swift in Sources */,
				20C9958F1D23ED100029312F /* Downloadable.swift in Sources */,
				20BE2F571D510062004A8B17 /* RandGameBonusLevelInfoNode.swift in Sources */,
				20CEC7EA1D5F1C670031830C /* BBT2.swift in Sources */,
				20CB89CE1D4CE6E600A0408C /* RandGameLevel.swift in Sources */,
				20F188301D2A62C70099F717 /* BBT1.swift in Sources */,
				20A335B11D4BDE4000B54FBE /* RandGameScene.swift in Sources */,
				20E877371D25AD9D00CCBA1A /* GameScene.swift in Sources */,
				20C995861D23EC7C0029312F /* ThemeSelector.swift in Sources */,
				206736791D16E26300FB9FFF /* AppDelegate.swift in Sources */,
				20C995801D23EC4E0029312F /* FileSaveHelper.swift in Sources */,
				20AFF9D31D56822C00B4CBF8 /* ExtensionSettingScene.swift in Sources */,
				20AFF9D11D54B4F200B4CBF8 /* CheckBox.swift in Sources */,
				2099709C1D6303CD00A3F268 /* AbstractTheme.swift in Sources */,
				20C995881D23EC9A0029312F /* MusicSelector.swift in Sources */,
				20BE2F551D50F53B004A8B17 /* RandGameBonusLevel.swift in Sources */,
			);
			runOnlyForDeploymentPostprocessing = 0;
		};
/* End PBXSourcesBuildPhase section */

/* Begin PBXTargetDependency section */
		200ADDFF1DBD071C00275668 /* PBXTargetDependency */ = {
			isa = PBXTargetDependency;
			target = 200ADDF81DBD071B00275668 /* BreakBaloonStickers */;
			targetProxy = 200ADDFE1DBD071C00275668 /* PBXContainerItemProxy */;
		};
		203EEC80234A6439002D81F2 /* PBXTargetDependency */ = {
			isa = PBXTargetDependency;
			target = 203EEC7C234A6439002D81F2 /* BreakBaloon Watch Extension */;
			targetProxy = 203EEC7F234A6439002D81F2 /* PBXContainerItemProxy */;
		};
		203EEC8E234A643A002D81F2 /* PBXTargetDependency */ = {
			isa = PBXTargetDependency;
			target = 203EEC70234A6438002D81F2 /* BreakBaloon Watch */;
			targetProxy = 203EEC8D234A643A002D81F2 /* PBXContainerItemProxy */;
		};
/* End PBXTargetDependency section */

/* Begin PBXVariantGroup section */
		203EEC73234A6438002D81F2 /* Interface.storyboard */ = {
			isa = PBXVariantGroup;
			children = (
				203EEC74234A6438002D81F2 /* Base */,
			);
			name = Interface.storyboard;
			sourceTree = "<group>";
		};
		207A2CD8235E2A37004BC4E5 /* Localizable.strings */ = {
			isa = PBXVariantGroup;
			children = (
				207A2CD7235E2A37004BC4E5 /* en */,
				207A2CD9235E2A44004BC4E5 /* da */,
				207A2CDA235E2A44004BC4E5 /* fr */,
			);
			name = Localizable.strings;
			sourceTree = "<group>";
		};
		20A335A61D4BD33E00B54FBE /* Main.storyboard */ = {
			isa = PBXVariantGroup;
			children = (
				20A335A71D4BD34100B54FBE /* fr */,
				20A335A81D4BD34200B54FBE /* da */,
				20A335A91D4BD35500B54FBE /* Base */,
				20A335AD1D4BD38700B54FBE /* en */,
			);
			name = Main.storyboard;
			sourceTree = "<group>";
		};
		20BEA43D1D19415500DE74FB /* Localizable.strings */ = {
			isa = PBXVariantGroup;
			children = (
				20BEA43E1D19415500DE74FB /* en */,
				20BEA4401D19418300DE74FB /* fr */,
				20FF80E21D198DB100E5A9EF /* da */,
				20A335AA1D4BD36200B54FBE /* Base */,
			);
			name = Localizable.strings;
			sourceTree = "<group>";
		};
		20F188241D2821C30099F717 /* InfoPlist.strings */ = {
			isa = PBXVariantGroup;
			children = (
				20F188231D2821C30099F717 /* en */,
				20F188251D2821C90099F717 /* fr */,
				20F188261D2821CA0099F717 /* da */,
				20A335AB1D4BD37000B54FBE /* Base */,
			);
			name = InfoPlist.strings;
			sourceTree = "<group>";
		};
/* End PBXVariantGroup section */

/* Begin XCBuildConfiguration section */
		200ADE011DBD071C00275668 /* Debug */ = {
			isa = XCBuildConfiguration;
			buildSettings = {
				ASSETCATALOG_COMPILER_APPICON_NAME = "iMessage App Icon";
				CLANG_WARN_DOCUMENTATION_COMMENTS = YES;
				CLANG_WARN_INFINITE_RECURSION = YES;
				CLANG_WARN_SUSPICIOUS_MOVES = YES;
				CODE_SIGN_IDENTITY = "iPhone Developer";
				"CODE_SIGN_IDENTITY[sdk=iphoneos*]" = "iPhone Developer";
				DEBUG_INFORMATION_FORMAT = dwarf;
				DEVELOPMENT_TEAM = EYTYK8J7PX;
				INFOPLIST_FILE = BreakBaloonStickers/Info.plist;
				IPHONEOS_DEPLOYMENT_TARGET = 12.0;
				PRODUCT_BUNDLE_IDENTIFIER = st.infos.elementalcube.BreakBaloon.BreakBaloonStickers;
				PRODUCT_NAME = "$(TARGET_NAME)";
				SKIP_INSTALL = YES;
			};
			name = Debug;
		};
		200ADE021DBD071C00275668 /* Release */ = {
			isa = XCBuildConfiguration;
			buildSettings = {
				ASSETCATALOG_COMPILER_APPICON_NAME = "iMessage App Icon";
				CLANG_WARN_DOCUMENTATION_COMMENTS = YES;
				CLANG_WARN_INFINITE_RECURSION = YES;
				CLANG_WARN_SUSPICIOUS_MOVES = YES;
				CODE_SIGN_IDENTITY = "iPhone Developer";
				"CODE_SIGN_IDENTITY[sdk=iphoneos*]" = "iPhone Developer";
				DEVELOPMENT_TEAM = EYTYK8J7PX;
				INFOPLIST_FILE = BreakBaloonStickers/Info.plist;
				IPHONEOS_DEPLOYMENT_TARGET = 12.0;
				PRODUCT_BUNDLE_IDENTIFIER = st.infos.elementalcube.BreakBaloon.BreakBaloonStickers;
				PRODUCT_NAME = "$(TARGET_NAME)";
				SKIP_INSTALL = YES;
			};
			name = Release;
		};
		203EEC91234A643A002D81F2 /* Debug */ = {
			isa = XCBuildConfiguration;
			buildSettings = {
				ALWAYS_EMBED_SWIFT_STANDARD_LIBRARIES = YES;
				ASSETCATALOG_COMPILER_APPICON_NAME = AppIcon;
				CLANG_ANALYZER_NUMBER_OBJECT_CONVERSION = YES_AGGRESSIVE;
				CLANG_CXX_LANGUAGE_STANDARD = "gnu++14";
				CLANG_ENABLE_OBJC_WEAK = YES;
				CLANG_WARN_DOCUMENTATION_COMMENTS = YES;
				CLANG_WARN_UNGUARDED_AVAILABILITY = YES_AGGRESSIVE;
				CODE_SIGN_IDENTITY = "iPhone Developer";
				"CODE_SIGN_IDENTITY[sdk=iphoneos*]" = "iPhone Developer";
				CODE_SIGN_STYLE = Automatic;
				DEBUG_INFORMATION_FORMAT = dwarf;
				DEVELOPMENT_TEAM = EYTYK8J7PX;
				GCC_C_LANGUAGE_STANDARD = gnu11;
				IBSC_MODULE = BreakBaloon_Watch_Extension;
				INFOPLIST_FILE = "BreakBaloon Watch/Info.plist";
				MTL_ENABLE_DEBUG_INFO = INCLUDE_SOURCE;
				MTL_FAST_MATH = YES;
				PRODUCT_BUNDLE_IDENTIFIER = st.infos.elementalcube.BreakBaloon.watchkitapp;
				PRODUCT_NAME = "$(TARGET_NAME)";
				SDKROOT = watchos;
				SKIP_INSTALL = NO;
				SWIFT_ACTIVE_COMPILATION_CONDITIONS = DEBUG;
				SWIFT_VERSION = 5.0;
				TARGETED_DEVICE_FAMILY = 4;
				WATCHOS_DEPLOYMENT_TARGET = 5.3;
			};
			name = Debug;
		};
		203EEC92234A643A002D81F2 /* Release */ = {
			isa = XCBuildConfiguration;
			buildSettings = {
				ALWAYS_EMBED_SWIFT_STANDARD_LIBRARIES = YES;
				ASSETCATALOG_COMPILER_APPICON_NAME = AppIcon;
				CLANG_ANALYZER_NUMBER_OBJECT_CONVERSION = YES_AGGRESSIVE;
				CLANG_CXX_LANGUAGE_STANDARD = "gnu++14";
				CLANG_ENABLE_OBJC_WEAK = YES;
				CLANG_WARN_DOCUMENTATION_COMMENTS = YES;
				CLANG_WARN_UNGUARDED_AVAILABILITY = YES_AGGRESSIVE;
				CODE_SIGN_IDENTITY = "iPhone Developer";
				"CODE_SIGN_IDENTITY[sdk=iphoneos*]" = "iPhone Developer";
				CODE_SIGN_STYLE = Automatic;
				DEVELOPMENT_TEAM = EYTYK8J7PX;
				GCC_C_LANGUAGE_STANDARD = gnu11;
				IBSC_MODULE = BreakBaloon_Watch_Extension;
				INFOPLIST_FILE = "BreakBaloon Watch/Info.plist";
				MTL_FAST_MATH = YES;
				PRODUCT_BUNDLE_IDENTIFIER = st.infos.elementalcube.BreakBaloon.watchkitapp;
				PRODUCT_NAME = "$(TARGET_NAME)";
				SDKROOT = watchos;
				SKIP_INSTALL = NO;
				SWIFT_OPTIMIZATION_LEVEL = "-O";
				SWIFT_VERSION = 5.0;
				TARGETED_DEVICE_FAMILY = 4;
				WATCHOS_DEPLOYMENT_TARGET = 5.3;
			};
			name = Release;
		};
		203EEC94234A643A002D81F2 /* Debug */ = {
			isa = XCBuildConfiguration;
			buildSettings = {
				ASSETCATALOG_COMPILER_COMPLICATION_NAME = Complication;
				CLANG_ANALYZER_NUMBER_OBJECT_CONVERSION = YES_AGGRESSIVE;
				CLANG_CXX_LANGUAGE_STANDARD = "gnu++14";
				CLANG_ENABLE_OBJC_WEAK = YES;
				CLANG_WARN_DOCUMENTATION_COMMENTS = YES;
				CLANG_WARN_UNGUARDED_AVAILABILITY = YES_AGGRESSIVE;
				CODE_SIGN_STYLE = Automatic;
				DEBUG_INFORMATION_FORMAT = dwarf;
				DEVELOPMENT_TEAM = EYTYK8J7PX;
				GCC_C_LANGUAGE_STANDARD = gnu11;
				INFOPLIST_FILE = "BreakBaloon Watch Extension/Info.plist";
				LD_RUNPATH_SEARCH_PATHS = (
					"$(inherited)",
					"@executable_path/Frameworks",
					"@executable_path/../../Frameworks",
				);
				MTL_ENABLE_DEBUG_INFO = INCLUDE_SOURCE;
				MTL_FAST_MATH = YES;
				PRODUCT_BUNDLE_IDENTIFIER = st.infos.elementalcube.BreakBaloon.watchkitapp.watchkitextension;
				PRODUCT_NAME = "${TARGET_NAME}";
				SDKROOT = watchos;
				SKIP_INSTALL = YES;
				SWIFT_ACTIVE_COMPILATION_CONDITIONS = DEBUG;
				SWIFT_VERSION = 5.0;
				TARGETED_DEVICE_FAMILY = 4;
				WATCHOS_DEPLOYMENT_TARGET = 5.3;
				__WKEXTENSIONMAIN_LEGACY_TARGET_5_3 = legacy;
			};
			name = Debug;
		};
		203EEC95234A643A002D81F2 /* Release */ = {
			isa = XCBuildConfiguration;
			buildSettings = {
				ASSETCATALOG_COMPILER_COMPLICATION_NAME = Complication;
				CLANG_ANALYZER_NUMBER_OBJECT_CONVERSION = YES_AGGRESSIVE;
				CLANG_CXX_LANGUAGE_STANDARD = "gnu++14";
				CLANG_ENABLE_OBJC_WEAK = YES;
				CLANG_WARN_DOCUMENTATION_COMMENTS = YES;
				CLANG_WARN_UNGUARDED_AVAILABILITY = YES_AGGRESSIVE;
				CODE_SIGN_STYLE = Automatic;
				DEVELOPMENT_TEAM = EYTYK8J7PX;
				GCC_C_LANGUAGE_STANDARD = gnu11;
				INFOPLIST_FILE = "BreakBaloon Watch Extension/Info.plist";
				LD_RUNPATH_SEARCH_PATHS = (
					"$(inherited)",
					"@executable_path/Frameworks",
					"@executable_path/../../Frameworks",
				);
				MTL_FAST_MATH = YES;
				PRODUCT_BUNDLE_IDENTIFIER = st.infos.elementalcube.BreakBaloon.watchkitapp.watchkitextension;
				PRODUCT_NAME = "${TARGET_NAME}";
				SDKROOT = watchos;
				SKIP_INSTALL = YES;
				SWIFT_OPTIMIZATION_LEVEL = "-O";
				SWIFT_VERSION = 5.0;
				TARGETED_DEVICE_FAMILY = 4;
				WATCHOS_DEPLOYMENT_TARGET = 5.3;
				__WKEXTENSIONMAIN_LEGACY_TARGET_5_3 = legacy;
			};
			name = Release;
		};
		206736891D16E26300FB9FFF /* Debug */ = {
			isa = XCBuildConfiguration;
			buildSettings = {
				ALWAYS_SEARCH_USER_PATHS = NO;
				CLANG_ANALYZER_LOCALIZABILITY_NONLOCALIZED = YES;
				CLANG_ANALYZER_NONNULL = YES;
				CLANG_CXX_LANGUAGE_STANDARD = "gnu++0x";
				CLANG_CXX_LIBRARY = "libc++";
				CLANG_ENABLE_MODULES = YES;
				CLANG_ENABLE_OBJC_ARC = YES;
				CLANG_WARN_BLOCK_CAPTURE_AUTORELEASING = YES;
				CLANG_WARN_BOOL_CONVERSION = YES;
				CLANG_WARN_COMMA = YES;
				CLANG_WARN_CONSTANT_CONVERSION = YES;
				CLANG_WARN_DEPRECATED_OBJC_IMPLEMENTATIONS = YES;
				CLANG_WARN_DIRECT_OBJC_ISA_USAGE = YES_ERROR;
				CLANG_WARN_EMPTY_BODY = YES;
				CLANG_WARN_ENUM_CONVERSION = YES;
				CLANG_WARN_INFINITE_RECURSION = YES;
				CLANG_WARN_INT_CONVERSION = YES;
				CLANG_WARN_NON_LITERAL_NULL_CONVERSION = YES;
				CLANG_WARN_OBJC_IMPLICIT_RETAIN_SELF = YES;
				CLANG_WARN_OBJC_LITERAL_CONVERSION = YES;
				CLANG_WARN_OBJC_ROOT_CLASS = YES_ERROR;
				CLANG_WARN_QUOTED_INCLUDE_IN_FRAMEWORK_HEADER = YES;
				CLANG_WARN_RANGE_LOOP_ANALYSIS = YES;
				CLANG_WARN_STRICT_PROTOTYPES = YES;
				CLANG_WARN_SUSPICIOUS_MOVE = YES;
				CLANG_WARN_UNREACHABLE_CODE = YES;
				CLANG_WARN__DUPLICATE_METHOD_MATCH = YES;
				"CODE_SIGN_IDENTITY[sdk=iphoneos*]" = "iPhone Developer";
				COPY_PHASE_STRIP = NO;
				DEBUG_INFORMATION_FORMAT = "dwarf-with-dsym";
				ENABLE_STRICT_OBJC_MSGSEND = YES;
				ENABLE_TESTABILITY = YES;
				GCC_C_LANGUAGE_STANDARD = gnu99;
				GCC_DYNAMIC_NO_PIC = NO;
				GCC_NO_COMMON_BLOCKS = YES;
				GCC_OPTIMIZATION_LEVEL = 0;
				GCC_PREPROCESSOR_DEFINITIONS = (
					"DEBUG=1",
					"$(inherited)",
				);
				GCC_WARN_64_TO_32_BIT_CONVERSION = YES;
				GCC_WARN_ABOUT_RETURN_TYPE = YES_ERROR;
				GCC_WARN_UNDECLARED_SELECTOR = YES;
				GCC_WARN_UNINITIALIZED_AUTOS = YES_AGGRESSIVE;
				GCC_WARN_UNUSED_FUNCTION = YES;
				GCC_WARN_UNUSED_VARIABLE = YES;
				IPHONEOS_DEPLOYMENT_TARGET = 12.0;
				MTL_ENABLE_DEBUG_INFO = YES;
				ONLY_ACTIVE_ARCH = YES;
				SDKROOT = iphoneos;
				SWIFT_ENFORCE_EXCLUSIVE_ACCESS = off;
				SWIFT_OPTIMIZATION_LEVEL = "-Onone";
				TARGETED_DEVICE_FAMILY = "1,2";
			};
			name = Debug;
		};
		2067368A1D16E26300FB9FFF /* Release */ = {
			isa = XCBuildConfiguration;
			buildSettings = {
				ALWAYS_SEARCH_USER_PATHS = NO;
				CLANG_ANALYZER_LOCALIZABILITY_NONLOCALIZED = YES;
				CLANG_ANALYZER_NONNULL = YES;
				CLANG_CXX_LANGUAGE_STANDARD = "gnu++0x";
				CLANG_CXX_LIBRARY = "libc++";
				CLANG_ENABLE_MODULES = YES;
				CLANG_ENABLE_OBJC_ARC = YES;
				CLANG_WARN_BLOCK_CAPTURE_AUTORELEASING = YES;
				CLANG_WARN_BOOL_CONVERSION = YES;
				CLANG_WARN_COMMA = YES;
				CLANG_WARN_CONSTANT_CONVERSION = YES;
				CLANG_WARN_DEPRECATED_OBJC_IMPLEMENTATIONS = YES;
				CLANG_WARN_DIRECT_OBJC_ISA_USAGE = YES_ERROR;
				CLANG_WARN_EMPTY_BODY = YES;
				CLANG_WARN_ENUM_CONVERSION = YES;
				CLANG_WARN_INFINITE_RECURSION = YES;
				CLANG_WARN_INT_CONVERSION = YES;
				CLANG_WARN_NON_LITERAL_NULL_CONVERSION = YES;
				CLANG_WARN_OBJC_IMPLICIT_RETAIN_SELF = YES;
				CLANG_WARN_OBJC_LITERAL_CONVERSION = YES;
				CLANG_WARN_OBJC_ROOT_CLASS = YES_ERROR;
				CLANG_WARN_QUOTED_INCLUDE_IN_FRAMEWORK_HEADER = YES;
				CLANG_WARN_RANGE_LOOP_ANALYSIS = YES;
				CLANG_WARN_STRICT_PROTOTYPES = YES;
				CLANG_WARN_SUSPICIOUS_MOVE = YES;
				CLANG_WARN_UNREACHABLE_CODE = YES;
				CLANG_WARN__DUPLICATE_METHOD_MATCH = YES;
				"CODE_SIGN_IDENTITY[sdk=iphoneos*]" = "iPhone Developer";
				COPY_PHASE_STRIP = NO;
				DEBUG_INFORMATION_FORMAT = "dwarf-with-dsym";
				ENABLE_NS_ASSERTIONS = NO;
				ENABLE_STRICT_OBJC_MSGSEND = YES;
				GCC_C_LANGUAGE_STANDARD = gnu99;
				GCC_NO_COMMON_BLOCKS = YES;
				GCC_WARN_64_TO_32_BIT_CONVERSION = YES;
				GCC_WARN_ABOUT_RETURN_TYPE = YES_ERROR;
				GCC_WARN_UNDECLARED_SELECTOR = YES;
				GCC_WARN_UNINITIALIZED_AUTOS = YES_AGGRESSIVE;
				GCC_WARN_UNUSED_FUNCTION = YES;
				GCC_WARN_UNUSED_VARIABLE = YES;
				IPHONEOS_DEPLOYMENT_TARGET = 12.0;
				MTL_ENABLE_DEBUG_INFO = NO;
				SDKROOT = iphoneos;
				SWIFT_COMPILATION_MODE = wholemodule;
				SWIFT_ENFORCE_EXCLUSIVE_ACCESS = off;
				TARGETED_DEVICE_FAMILY = "1,2";
				VALIDATE_PRODUCT = YES;
			};
			name = Release;
		};
		2067368C1D16E26300FB9FFF /* Debug */ = {
			isa = XCBuildConfiguration;
			buildSettings = {
				ASSETCATALOG_COMPILER_APPICON_NAME = AppIcon;
				CODE_SIGN_IDENTITY = "Apple Development";
				DEVELOPMENT_TEAM = EYTYK8J7PX;
				INFOPLIST_FILE = BreakBaloon/Info.plist;
				IPHONEOS_DEPLOYMENT_TARGET = 12.0;
				LD_RUNPATH_SEARCH_PATHS = (
					"$(inherited)",
					"@executable_path/Frameworks",
				);
				PRODUCT_BUNDLE_IDENTIFIER = st.infos.elementalcube.BreakBaloon;
				PRODUCT_NAME = "$(TARGET_NAME)";
				PROVISIONING_PROFILE = "";
				SWIFT_SWIFT3_OBJC_INFERENCE = Default;
				SWIFT_VERSION = 5.0;
				TARGETED_DEVICE_FAMILY = "1,2";
			};
			name = Debug;
		};
		2067368D1D16E26300FB9FFF /* Release */ = {
			isa = XCBuildConfiguration;
			buildSettings = {
				ASSETCATALOG_COMPILER_APPICON_NAME = AppIcon;
				CODE_SIGN_IDENTITY = "Apple Development";
				DEVELOPMENT_TEAM = EYTYK8J7PX;
				INFOPLIST_FILE = BreakBaloon/Info.plist;
				IPHONEOS_DEPLOYMENT_TARGET = 12.0;
				LD_RUNPATH_SEARCH_PATHS = (
					"$(inherited)",
					"@executable_path/Frameworks",
				);
				PRODUCT_BUNDLE_IDENTIFIER = st.infos.elementalcube.BreakBaloon;
				PRODUCT_NAME = "$(TARGET_NAME)";
				PROVISIONING_PROFILE = "";
				SWIFT_SWIFT3_OBJC_INFERENCE = Default;
				SWIFT_VERSION = 5.0;
				TARGETED_DEVICE_FAMILY = "1,2";
			};
			name = Release;
		};
/* End XCBuildConfiguration section */

/* Begin XCConfigurationList section */
		200ADE031DBD071C00275668 /* Build configuration list for PBXNativeTarget "BreakBaloonStickers" */ = {
			isa = XCConfigurationList;
			buildConfigurations = (
				200ADE011DBD071C00275668 /* Debug */,
				200ADE021DBD071C00275668 /* Release */,
			);
			defaultConfigurationIsVisible = 0;
			defaultConfigurationName = Release;
		};
		203EEC96234A643A002D81F2 /* Build configuration list for PBXNativeTarget "BreakBaloon Watch Extension" */ = {
			isa = XCConfigurationList;
			buildConfigurations = (
				203EEC94234A643A002D81F2 /* Debug */,
				203EEC95234A643A002D81F2 /* Release */,
			);
			defaultConfigurationIsVisible = 0;
			defaultConfigurationName = Release;
		};
		203EEC97234A643A002D81F2 /* Build configuration list for PBXNativeTarget "BreakBaloon Watch" */ = {
			isa = XCConfigurationList;
			buildConfigurations = (
				203EEC91234A643A002D81F2 /* Debug */,
				203EEC92234A643A002D81F2 /* Release */,
			);
			defaultConfigurationIsVisible = 0;
			defaultConfigurationName = Release;
		};
		206736701D16E26300FB9FFF /* Build configuration list for PBXProject "BreakBaloon" */ = {
			isa = XCConfigurationList;
			buildConfigurations = (
				206736891D16E26300FB9FFF /* Debug */,
				2067368A1D16E26300FB9FFF /* Release */,
			);
			defaultConfigurationIsVisible = 0;
			defaultConfigurationName = Release;
		};
		2067368B1D16E26300FB9FFF /* Build configuration list for PBXNativeTarget "BreakBaloon" */ = {
			isa = XCConfigurationList;
			buildConfigurations = (
				2067368C1D16E26300FB9FFF /* Debug */,
				2067368D1D16E26300FB9FFF /* Release */,
			);
			defaultConfigurationIsVisible = 0;
			defaultConfigurationName = Release;
		};
/* End XCConfigurationList section */

/* Begin XCRemoteSwiftPackageReference section */
		20FDCD9026907F5B00493C8E /* XCRemoteSwiftPackageReference "ZIPFoundation" */ = {
			isa = XCRemoteSwiftPackageReference;
			repositoryURL = "https://github.com/weichsel/ZIPFoundation";
			requirement = {
				kind = upToNextMajorVersion;
				minimumVersion = 0.9.12;
			};
		};
/* End XCRemoteSwiftPackageReference section */

/* Begin XCSwiftPackageProductDependency section */
		20FDCD9126907F5B00493C8E /* ZIPFoundation */ = {
			isa = XCSwiftPackageProductDependency;
			package = 20FDCD9026907F5B00493C8E /* XCRemoteSwiftPackageReference "ZIPFoundation" */;
			productName = ZIPFoundation;
		};
/* End XCSwiftPackageProductDependency section */
	};
	rootObject = 2067366D1D16E26300FB9FFF /* Project object */;
}
